// !$*UTF8*$!
{
	archiveVersion = 1;
	classes = {
	};
	objectVersion = 46;
	objects = {

/* Begin PBXBuildFile section */
		7A8EC486184A5F04006542FC /* OFMyDataViewController.m in Sources */ = {isa = PBXBuildFile; fileRef = 7A8EC485184A5F04006542FC /* OFMyDataViewController.m */; };
		7A8EC48A184B3FA6006542FC /* OFMyCardViewController.m in Sources */ = {isa = PBXBuildFile; fileRef = 7A8EC489184B3FA6006542FC /* OFMyCardViewController.m */; };
		7A8EC48C184B42F1006542FC /* my_data_qr.png in Resources */ = {isa = PBXBuildFile; fileRef = 7A8EC48B184B42F1006542FC /* my_data_qr.png */; };
		7A8EC490184B45E4006542FC /* OFOrganizationsAccessViewController.m in Sources */ = {isa = PBXBuildFile; fileRef = 7A8EC48F184B45E4006542FC /* OFOrganizationsAccessViewController.m */; };
		7A8EC494184B56DF006542FC /* OFSettingsViewController.m in Sources */ = {isa = PBXBuildFile; fileRef = 7A8EC493184B56DF006542FC /* OFSettingsViewController.m */; };
		7AA983B01834C5B400A9F375 /* OFTextField.m in Sources */ = {isa = PBXBuildFile; fileRef = 7AA983AF1834C5B400A9F375 /* OFTextField.m */; };
		7AAE39241827962C009BE7B3 /* UIKit.framework in Frameworks */ = {isa = PBXBuildFile; fileRef = 7AAE39231827962C009BE7B3 /* UIKit.framework */; };
		7AAE392A1827962C009BE7B3 /* InfoPlist.strings in Resources */ = {isa = PBXBuildFile; fileRef = 7AAE39281827962C009BE7B3 /* InfoPlist.strings */; };
		7AAE392C1827962C009BE7B3 /* main.m in Sources */ = {isa = PBXBuildFile; fileRef = 7AAE392B1827962C009BE7B3 /* main.m */; };
		7AAE39301827962C009BE7B3 /* OFAppDelegate.m in Sources */ = {isa = PBXBuildFile; fileRef = 7AAE392F1827962C009BE7B3 /* OFAppDelegate.m */; };
		7AAE39321827962C009BE7B3 /* Images.xcassets in Resources */ = {isa = PBXBuildFile; fileRef = 7AAE39311827962C009BE7B3 /* Images.xcassets */; };
		7AAE39391827962C009BE7B3 /* XCTest.framework in Frameworks */ = {isa = PBXBuildFile; fileRef = 7AAE39381827962C009BE7B3 /* XCTest.framework */; };
		7AAE393A1827962C009BE7B3 /* Foundation.framework in Frameworks */ = {isa = PBXBuildFile; fileRef = 7AAE391F1827962C009BE7B3 /* Foundation.framework */; };
		7AAE393B1827962C009BE7B3 /* UIKit.framework in Frameworks */ = {isa = PBXBuildFile; fileRef = 7AAE39231827962C009BE7B3 /* UIKit.framework */; };
		7AAE39431827962C009BE7B3 /* InfoPlist.strings in Resources */ = {isa = PBXBuildFile; fileRef = 7AAE39411827962C009BE7B3 /* InfoPlist.strings */; };
		7AAE39451827962C009BE7B3 /* OneFormTests.m in Sources */ = {isa = PBXBuildFile; fileRef = 7AAE39441827962C009BE7B3 /* OneFormTests.m */; };
		7AAE39611827A04A009BE7B3 /* OFLoginViewController.m in Sources */ = {isa = PBXBuildFile; fileRef = 7AAE39601827A04A009BE7B3 /* OFLoginViewController.m */; };
		7AAE396C1827CF3C009BE7B3 /* OFInternetUtility.m in Sources */ = {isa = PBXBuildFile; fileRef = 7AAE396B1827CF3C009BE7B3 /* OFInternetUtility.m */; };
		7AB6A449183FC2780034C796 /* OFBackButton.m in Sources */ = {isa = PBXBuildFile; fileRef = 7AB6A448183FC2780034C796 /* OFBackButton.m */; };
		7AB6A45418401BA80034C796 /* OFNavigationBar.m in Sources */ = {isa = PBXBuildFile; fileRef = 7AB6A45318401BA80034C796 /* OFNavigationBar.m */; };
		7AB6A4561840CEE20034C796 /* arrow_back.png in Resources */ = {isa = PBXBuildFile; fileRef = 7AB6A4551840CEE20034C796 /* arrow_back.png */; };
		7AB6A4581840D0360034C796 /* menu_bars.png in Resources */ = {isa = PBXBuildFile; fileRef = 7AB6A4571840D0360034C796 /* menu_bars.png */; };
		7AB6A45B1840D36C0034C796 /* OFSearchBar.m in Sources */ = {isa = PBXBuildFile; fileRef = 7AB6A45A1840D36C0034C796 /* OFSearchBar.m */; };
		7AB6A45D1840D6320034C796 /* search_icon.png in Resources */ = {isa = PBXBuildFile; fileRef = 7AB6A45C1840D6320034C796 /* search_icon.png */; };
		7AB6A45F1840D98D0034C796 /* qr_code.png in Resources */ = {isa = PBXBuildFile; fileRef = 7AB6A45E1840D98D0034C796 /* qr_code.png */; };
		7AB6A462184375FD0034C796 /* OFFormTitle.m in Sources */ = {isa = PBXBuildFile; fileRef = 7AB6A461184375FD0034C796 /* OFFormTitle.m */; };
		7AB6A46518437BD30034C796 /* OFFormProgress.m in Sources */ = {isa = PBXBuildFile; fileRef = 7AB6A46418437BD30034C796 /* OFFormProgress.m */; };
		7AB6A47018439B7F0034C796 /* form_choice_arrow.png in Resources */ = {isa = PBXBuildFile; fileRef = 7AB6A46F18439B7F0034C796 /* form_choice_arrow.png */; };
		7AB6A4741843ADAB0034C796 /* OFQRCoderViewController.m in Sources */ = {isa = PBXBuildFile; fileRef = 7AB6A4731843ADAB0034C796 /* OFQRCoderViewController.m */; };
		7AB6A4781843C1270034C796 /* OFMyFormsViewController.m in Sources */ = {isa = PBXBuildFile; fileRef = 7AB6A4771843C1270034C796 /* OFMyFormsViewController.m */; };
		7AB6A49D1843C9BA0034C796 /* AVFoundation.framework in Frameworks */ = {isa = PBXBuildFile; fileRef = 7AB6A49C1843C9BA0034C796 /* AVFoundation.framework */; };
		7AB6A4A51843C9EA0034C796 /* QuartzCore.framework in Frameworks */ = {isa = PBXBuildFile; fileRef = 7AB6A4A41843C9EA0034C796 /* QuartzCore.framework */; };
		7AB6A4AA1845FE750034C796 /* qr_frame.png in Resources */ = {isa = PBXBuildFile; fileRef = 7AB6A4A91845FE750034C796 /* qr_frame.png */; };
		7ABB212E1839069C0089B3B6 /* Roboto-Black.ttf in Resources */ = {isa = PBXBuildFile; fileRef = 7ABB211D1839069C0089B3B6 /* Roboto-Black.ttf */; };
		7ABB212F1839069C0089B3B6 /* Roboto-BlackItalic.ttf in Resources */ = {isa = PBXBuildFile; fileRef = 7ABB211E1839069C0089B3B6 /* Roboto-BlackItalic.ttf */; };
		7ABB21301839069C0089B3B6 /* Roboto-Bold.ttf in Resources */ = {isa = PBXBuildFile; fileRef = 7ABB211F1839069C0089B3B6 /* Roboto-Bold.ttf */; };
		7ABB21311839069C0089B3B6 /* Roboto-BoldCondensed.ttf in Resources */ = {isa = PBXBuildFile; fileRef = 7ABB21201839069C0089B3B6 /* Roboto-BoldCondensed.ttf */; };
		7ABB21321839069C0089B3B6 /* Roboto-BoldCondensedItalic.ttf in Resources */ = {isa = PBXBuildFile; fileRef = 7ABB21211839069C0089B3B6 /* Roboto-BoldCondensedItalic.ttf */; };
		7ABB21331839069C0089B3B6 /* Roboto-BoldItalic.ttf in Resources */ = {isa = PBXBuildFile; fileRef = 7ABB21221839069C0089B3B6 /* Roboto-BoldItalic.ttf */; };
		7ABB21341839069C0089B3B6 /* Roboto-Condensed.ttf in Resources */ = {isa = PBXBuildFile; fileRef = 7ABB21231839069C0089B3B6 /* Roboto-Condensed.ttf */; };
		7ABB21351839069C0089B3B6 /* Roboto-CondensedItalic.ttf in Resources */ = {isa = PBXBuildFile; fileRef = 7ABB21241839069C0089B3B6 /* Roboto-CondensedItalic.ttf */; };
		7ABB21361839069C0089B3B6 /* Roboto-Italic.ttf in Resources */ = {isa = PBXBuildFile; fileRef = 7ABB21251839069C0089B3B6 /* Roboto-Italic.ttf */; };
		7ABB21371839069C0089B3B6 /* Roboto-Light.ttf in Resources */ = {isa = PBXBuildFile; fileRef = 7ABB21261839069C0089B3B6 /* Roboto-Light.ttf */; };
		7ABB21381839069C0089B3B6 /* Roboto-LightItalic.ttf in Resources */ = {isa = PBXBuildFile; fileRef = 7ABB21271839069C0089B3B6 /* Roboto-LightItalic.ttf */; };
		7ABB21391839069C0089B3B6 /* Roboto-Medium.ttf in Resources */ = {isa = PBXBuildFile; fileRef = 7ABB21281839069C0089B3B6 /* Roboto-Medium.ttf */; };
		7ABB213A1839069C0089B3B6 /* Roboto-MediumItalic.ttf in Resources */ = {isa = PBXBuildFile; fileRef = 7ABB21291839069C0089B3B6 /* Roboto-MediumItalic.ttf */; };
		7ABB213B1839069C0089B3B6 /* Roboto-Regular.ttf in Resources */ = {isa = PBXBuildFile; fileRef = 7ABB212A1839069C0089B3B6 /* Roboto-Regular.ttf */; };
		7ABB213C1839069C0089B3B6 /* Roboto-Thin.ttf in Resources */ = {isa = PBXBuildFile; fileRef = 7ABB212B1839069C0089B3B6 /* Roboto-Thin.ttf */; };
		7ABB213D1839069C0089B3B6 /* Roboto-ThinItalic.ttf in Resources */ = {isa = PBXBuildFile; fileRef = 7ABB212C1839069C0089B3B6 /* Roboto-ThinItalic.ttf */; };
		7ABB2140183921A00089B3B6 /* OFBottomNotification.m in Sources */ = {isa = PBXBuildFile; fileRef = 7ABB213F183921A00089B3B6 /* OFBottomNotification.m */; };
		7ADB5CF7182A96AC009D2739 /* OFHelperMethods.m in Sources */ = {isa = PBXBuildFile; fileRef = 7ADB5CF6182A96AC009D2739 /* OFHelperMethods.m */; };
		7ADB5CFA182AC41F009D2739 /* OFSearchFormsViewController.m in Sources */ = {isa = PBXBuildFile; fileRef = 7ADB5CF9182AC41F009D2739 /* OFSearchFormsViewController.m */; };
		7ADB5D01182ACA9F009D2739 /* OFMenuViewController.m in Sources */ = {isa = PBXBuildFile; fileRef = 7ADB5D00182ACA9F009D2739 /* OFMenuViewController.m */; };
		D380A24E48E5493F8233C298 /* libPods.a in Frameworks */ = {isa = PBXBuildFile; fileRef = B4DE445615D5404D888C0630 /* libPods.a */; };
/* End PBXBuildFile section */

/* Begin PBXContainerItemProxy section */
		7AAE393C1827962C009BE7B3 /* PBXContainerItemProxy */ = {
			isa = PBXContainerItemProxy;
			containerPortal = 7AAE39141827962C009BE7B3 /* Project object */;
			proxyType = 1;
			remoteGlobalIDString = 7AAE391B1827962C009BE7B3;
			remoteInfo = OneForm;
		};
/* End PBXContainerItemProxy section */

/* Begin PBXFileReference section */
		5441CF7EABA740B694EEBA2F /* Pods.xcconfig */ = {isa = PBXFileReference; includeInIndex = 1; lastKnownFileType = text.xcconfig; name = Pods.xcconfig; path = Pods/Pods.xcconfig; sourceTree = "<group>"; };
		7A8EC484184A5F04006542FC /* OFMyDataViewController.h */ = {isa = PBXFileReference; fileEncoding = 4; lastKnownFileType = sourcecode.c.h; path = OFMyDataViewController.h; sourceTree = "<group>"; };
		7A8EC485184A5F04006542FC /* OFMyDataViewController.m */ = {isa = PBXFileReference; fileEncoding = 4; lastKnownFileType = sourcecode.c.objc; path = OFMyDataViewController.m; sourceTree = "<group>"; };
		7A8EC488184B3FA6006542FC /* OFMyCardViewController.h */ = {isa = PBXFileReference; fileEncoding = 4; lastKnownFileType = sourcecode.c.h; path = OFMyCardViewController.h; sourceTree = "<group>"; };
		7A8EC489184B3FA6006542FC /* OFMyCardViewController.m */ = {isa = PBXFileReference; fileEncoding = 4; lastKnownFileType = sourcecode.c.objc; path = OFMyCardViewController.m; sourceTree = "<group>"; };
		7A8EC48B184B42F1006542FC /* my_data_qr.png */ = {isa = PBXFileReference; lastKnownFileType = image.png; path = my_data_qr.png; sourceTree = "<group>"; };
		7A8EC48E184B45E4006542FC /* OFOrganizationsAccessViewController.h */ = {isa = PBXFileReference; fileEncoding = 4; lastKnownFileType = sourcecode.c.h; path = OFOrganizationsAccessViewController.h; sourceTree = "<group>"; };
		7A8EC48F184B45E4006542FC /* OFOrganizationsAccessViewController.m */ = {isa = PBXFileReference; fileEncoding = 4; lastKnownFileType = sourcecode.c.objc; path = OFOrganizationsAccessViewController.m; sourceTree = "<group>"; };
		7A8EC492184B56DF006542FC /* OFSettingsViewController.h */ = {isa = PBXFileReference; fileEncoding = 4; lastKnownFileType = sourcecode.c.h; path = OFSettingsViewController.h; sourceTree = "<group>"; };
		7A8EC493184B56DF006542FC /* OFSettingsViewController.m */ = {isa = PBXFileReference; fileEncoding = 4; lastKnownFileType = sourcecode.c.objc; path = OFSettingsViewController.m; sourceTree = "<group>"; };
		7AA983AE1834C5B400A9F375 /* OFTextField.h */ = {isa = PBXFileReference; fileEncoding = 4; lastKnownFileType = sourcecode.c.h; path = OFTextField.h; sourceTree = "<group>"; };
		7AA983AF1834C5B400A9F375 /* OFTextField.m */ = {isa = PBXFileReference; fileEncoding = 4; lastKnownFileType = sourcecode.c.objc; path = OFTextField.m; sourceTree = "<group>"; };
		7AAE391C1827962C009BE7B3 /* OneForm.app */ = {isa = PBXFileReference; explicitFileType = wrapper.application; includeInIndex = 0; path = OneForm.app; sourceTree = BUILT_PRODUCTS_DIR; };
		7AAE391F1827962C009BE7B3 /* Foundation.framework */ = {isa = PBXFileReference; lastKnownFileType = wrapper.framework; name = Foundation.framework; path = System/Library/Frameworks/Foundation.framework; sourceTree = SDKROOT; };
		7AAE39211827962C009BE7B3 /* CoreGraphics.framework */ = {isa = PBXFileReference; lastKnownFileType = wrapper.framework; name = CoreGraphics.framework; path = System/Library/Frameworks/CoreGraphics.framework; sourceTree = SDKROOT; };
		7AAE39231827962C009BE7B3 /* UIKit.framework */ = {isa = PBXFileReference; lastKnownFileType = wrapper.framework; name = UIKit.framework; path = System/Library/Frameworks/UIKit.framework; sourceTree = SDKROOT; };
		7AAE39271827962C009BE7B3 /* OneForm-Info.plist */ = {isa = PBXFileReference; lastKnownFileType = text.plist.xml; path = "OneForm-Info.plist"; sourceTree = "<group>"; };
		7AAE39291827962C009BE7B3 /* en */ = {isa = PBXFileReference; lastKnownFileType = text.plist.strings; name = en; path = en.lproj/InfoPlist.strings; sourceTree = "<group>"; };
		7AAE392B1827962C009BE7B3 /* main.m */ = {isa = PBXFileReference; lastKnownFileType = sourcecode.c.objc; path = main.m; sourceTree = "<group>"; };
		7AAE392D1827962C009BE7B3 /* OneForm-Prefix.pch */ = {isa = PBXFileReference; lastKnownFileType = sourcecode.c.h; path = "OneForm-Prefix.pch"; sourceTree = "<group>"; };
		7AAE392E1827962C009BE7B3 /* OFAppDelegate.h */ = {isa = PBXFileReference; lastKnownFileType = sourcecode.c.h; path = OFAppDelegate.h; sourceTree = "<group>"; };
		7AAE392F1827962C009BE7B3 /* OFAppDelegate.m */ = {isa = PBXFileReference; lastKnownFileType = sourcecode.c.objc; path = OFAppDelegate.m; sourceTree = "<group>"; };
		7AAE39311827962C009BE7B3 /* Images.xcassets */ = {isa = PBXFileReference; lastKnownFileType = folder.assetcatalog; path = Images.xcassets; sourceTree = "<group>"; };
		7AAE39371827962C009BE7B3 /* OneFormTests.xctest */ = {isa = PBXFileReference; explicitFileType = wrapper.cfbundle; includeInIndex = 0; path = OneFormTests.xctest; sourceTree = BUILT_PRODUCTS_DIR; };
		7AAE39381827962C009BE7B3 /* XCTest.framework */ = {isa = PBXFileReference; lastKnownFileType = wrapper.framework; name = XCTest.framework; path = Library/Frameworks/XCTest.framework; sourceTree = DEVELOPER_DIR; };
		7AAE39401827962C009BE7B3 /* OneFormTests-Info.plist */ = {isa = PBXFileReference; lastKnownFileType = text.plist.xml; path = "OneFormTests-Info.plist"; sourceTree = "<group>"; };
		7AAE39421827962C009BE7B3 /* en */ = {isa = PBXFileReference; lastKnownFileType = text.plist.strings; name = en; path = en.lproj/InfoPlist.strings; sourceTree = "<group>"; };
		7AAE39441827962C009BE7B3 /* OneFormTests.m */ = {isa = PBXFileReference; lastKnownFileType = sourcecode.c.objc; path = OneFormTests.m; sourceTree = "<group>"; };
		7AAE395F1827A04A009BE7B3 /* OFLoginViewController.h */ = {isa = PBXFileReference; fileEncoding = 4; lastKnownFileType = sourcecode.c.h; path = OFLoginViewController.h; sourceTree = "<group>"; };
		7AAE39601827A04A009BE7B3 /* OFLoginViewController.m */ = {isa = PBXFileReference; fileEncoding = 4; lastKnownFileType = sourcecode.c.objc; path = OFLoginViewController.m; sourceTree = "<group>"; };
		7AAE396A1827CF3C009BE7B3 /* OFInternetUtility.h */ = {isa = PBXFileReference; fileEncoding = 4; lastKnownFileType = sourcecode.c.h; path = OFInternetUtility.h; sourceTree = "<group>"; };
		7AAE396B1827CF3C009BE7B3 /* OFInternetUtility.m */ = {isa = PBXFileReference; fileEncoding = 4; lastKnownFileType = sourcecode.c.objc; path = OFInternetUtility.m; sourceTree = "<group>"; };
		7AB6A447183FC2780034C796 /* OFBackButton.h */ = {isa = PBXFileReference; fileEncoding = 4; lastKnownFileType = sourcecode.c.h; path = OFBackButton.h; sourceTree = "<group>"; };
		7AB6A448183FC2780034C796 /* OFBackButton.m */ = {isa = PBXFileReference; fileEncoding = 4; lastKnownFileType = sourcecode.c.objc; path = OFBackButton.m; sourceTree = "<group>"; };
		7AB6A44F183FC3CF0034C796 /* Constants.h */ = {isa = PBXFileReference; lastKnownFileType = sourcecode.c.h; path = Constants.h; sourceTree = "<group>"; };
		7AB6A45218401BA80034C796 /* OFNavigationBar.h */ = {isa = PBXFileReference; fileEncoding = 4; lastKnownFileType = sourcecode.c.h; path = OFNavigationBar.h; sourceTree = "<group>"; };
		7AB6A45318401BA80034C796 /* OFNavigationBar.m */ = {isa = PBXFileReference; fileEncoding = 4; lastKnownFileType = sourcecode.c.objc; path = OFNavigationBar.m; sourceTree = "<group>"; };
		7AB6A4551840CEE20034C796 /* arrow_back.png */ = {isa = PBXFileReference; lastKnownFileType = image.png; path = arrow_back.png; sourceTree = "<group>"; };
		7AB6A4571840D0360034C796 /* menu_bars.png */ = {isa = PBXFileReference; lastKnownFileType = image.png; path = menu_bars.png; sourceTree = "<group>"; };
		7AB6A4591840D36C0034C796 /* OFSearchBar.h */ = {isa = PBXFileReference; fileEncoding = 4; lastKnownFileType = sourcecode.c.h; path = OFSearchBar.h; sourceTree = "<group>"; };
		7AB6A45A1840D36C0034C796 /* OFSearchBar.m */ = {isa = PBXFileReference; fileEncoding = 4; lastKnownFileType = sourcecode.c.objc; path = OFSearchBar.m; sourceTree = "<group>"; };
		7AB6A45C1840D6320034C796 /* search_icon.png */ = {isa = PBXFileReference; lastKnownFileType = image.png; path = search_icon.png; sourceTree = "<group>"; };
		7AB6A45E1840D98D0034C796 /* qr_code.png */ = {isa = PBXFileReference; lastKnownFileType = image.png; path = qr_code.png; sourceTree = "<group>"; };
		7AB6A460184375FD0034C796 /* OFFormTitle.h */ = {isa = PBXFileReference; fileEncoding = 4; lastKnownFileType = sourcecode.c.h; path = OFFormTitle.h; sourceTree = "<group>"; };
		7AB6A461184375FD0034C796 /* OFFormTitle.m */ = {isa = PBXFileReference; fileEncoding = 4; lastKnownFileType = sourcecode.c.objc; path = OFFormTitle.m; sourceTree = "<group>"; };
		7AB6A46318437BD30034C796 /* OFFormProgress.h */ = {isa = PBXFileReference; fileEncoding = 4; lastKnownFileType = sourcecode.c.h; path = OFFormProgress.h; sourceTree = "<group>"; };
		7AB6A46418437BD30034C796 /* OFFormProgress.m */ = {isa = PBXFileReference; fileEncoding = 4; lastKnownFileType = sourcecode.c.objc; path = OFFormProgress.m; sourceTree = "<group>"; };
		7AB6A46F18439B7F0034C796 /* form_choice_arrow.png */ = {isa = PBXFileReference; lastKnownFileType = image.png; path = form_choice_arrow.png; sourceTree = "<group>"; };
		7AB6A4721843ADAB0034C796 /* OFQRCoderViewController.h */ = {isa = PBXFileReference; fileEncoding = 4; lastKnownFileType = sourcecode.c.h; path = OFQRCoderViewController.h; sourceTree = "<group>"; };
		7AB6A4731843ADAB0034C796 /* OFQRCoderViewController.m */ = {isa = PBXFileReference; fileEncoding = 4; lastKnownFileType = sourcecode.c.objc; path = OFQRCoderViewController.m; sourceTree = "<group>"; };
		7AB6A4761843C1270034C796 /* OFMyFormsViewController.h */ = {isa = PBXFileReference; fileEncoding = 4; lastKnownFileType = sourcecode.c.h; path = OFMyFormsViewController.h; sourceTree = "<group>"; };
		7AB6A4771843C1270034C796 /* OFMyFormsViewController.m */ = {isa = PBXFileReference; fileEncoding = 4; lastKnownFileType = sourcecode.c.objc; path = OFMyFormsViewController.m; sourceTree = "<group>"; };
		7AB6A49C1843C9BA0034C796 /* AVFoundation.framework */ = {isa = PBXFileReference; lastKnownFileType = wrapper.framework; name = AVFoundation.framework; path = System/Library/Frameworks/AVFoundation.framework; sourceTree = SDKROOT; };
		7AB6A49E1843C9C90034C796 /* CoreMedia.framework */ = {isa = PBXFileReference; lastKnownFileType = wrapper.framework; name = CoreMedia.framework; path = System/Library/Frameworks/CoreMedia.framework; sourceTree = SDKROOT; };
		7AB6A4A01843C9DC0034C796 /* CoreAudio.framework */ = {isa = PBXFileReference; lastKnownFileType = wrapper.framework; name = CoreAudio.framework; path = System/Library/Frameworks/CoreAudio.framework; sourceTree = SDKROOT; };
		7AB6A4A21843C9E40034C796 /* CoreVideo.framework */ = {isa = PBXFileReference; lastKnownFileType = wrapper.framework; name = CoreVideo.framework; path = System/Library/Frameworks/CoreVideo.framework; sourceTree = SDKROOT; };
		7AB6A4A41843C9EA0034C796 /* QuartzCore.framework */ = {isa = PBXFileReference; lastKnownFileType = wrapper.framework; name = QuartzCore.framework; path = System/Library/Frameworks/QuartzCore.framework; sourceTree = SDKROOT; };
		7AB6A4A61843C9F40034C796 /* libiconv.dylib */ = {isa = PBXFileReference; lastKnownFileType = "compiled.mach-o.dylib"; name = libiconv.dylib; path = usr/lib/libiconv.dylib; sourceTree = SDKROOT; };
		7AB6A4A91845FE750034C796 /* qr_frame.png */ = {isa = PBXFileReference; lastKnownFileType = image.png; path = qr_frame.png; sourceTree = "<group>"; };
		7ABB211D1839069C0089B3B6 /* Roboto-Black.ttf */ = {isa = PBXFileReference; lastKnownFileType = file; path = "Roboto-Black.ttf"; sourceTree = "<group>"; };
		7ABB211E1839069C0089B3B6 /* Roboto-BlackItalic.ttf */ = {isa = PBXFileReference; lastKnownFileType = file; path = "Roboto-BlackItalic.ttf"; sourceTree = "<group>"; };
		7ABB211F1839069C0089B3B6 /* Roboto-Bold.ttf */ = {isa = PBXFileReference; lastKnownFileType = file; path = "Roboto-Bold.ttf"; sourceTree = "<group>"; };
		7ABB21201839069C0089B3B6 /* Roboto-BoldCondensed.ttf */ = {isa = PBXFileReference; lastKnownFileType = file; path = "Roboto-BoldCondensed.ttf"; sourceTree = "<group>"; };
		7ABB21211839069C0089B3B6 /* Roboto-BoldCondensedItalic.ttf */ = {isa = PBXFileReference; lastKnownFileType = file; path = "Roboto-BoldCondensedItalic.ttf"; sourceTree = "<group>"; };
		7ABB21221839069C0089B3B6 /* Roboto-BoldItalic.ttf */ = {isa = PBXFileReference; lastKnownFileType = file; path = "Roboto-BoldItalic.ttf"; sourceTree = "<group>"; };
		7ABB21231839069C0089B3B6 /* Roboto-Condensed.ttf */ = {isa = PBXFileReference; lastKnownFileType = file; path = "Roboto-Condensed.ttf"; sourceTree = "<group>"; };
		7ABB21241839069C0089B3B6 /* Roboto-CondensedItalic.ttf */ = {isa = PBXFileReference; lastKnownFileType = file; path = "Roboto-CondensedItalic.ttf"; sourceTree = "<group>"; };
		7ABB21251839069C0089B3B6 /* Roboto-Italic.ttf */ = {isa = PBXFileReference; lastKnownFileType = file; path = "Roboto-Italic.ttf"; sourceTree = "<group>"; };
		7ABB21261839069C0089B3B6 /* Roboto-Light.ttf */ = {isa = PBXFileReference; lastKnownFileType = file; path = "Roboto-Light.ttf"; sourceTree = "<group>"; };
		7ABB21271839069C0089B3B6 /* Roboto-LightItalic.ttf */ = {isa = PBXFileReference; lastKnownFileType = file; path = "Roboto-LightItalic.ttf"; sourceTree = "<group>"; };
		7ABB21281839069C0089B3B6 /* Roboto-Medium.ttf */ = {isa = PBXFileReference; lastKnownFileType = file; path = "Roboto-Medium.ttf"; sourceTree = "<group>"; };
		7ABB21291839069C0089B3B6 /* Roboto-MediumItalic.ttf */ = {isa = PBXFileReference; lastKnownFileType = file; path = "Roboto-MediumItalic.ttf"; sourceTree = "<group>"; };
		7ABB212A1839069C0089B3B6 /* Roboto-Regular.ttf */ = {isa = PBXFileReference; lastKnownFileType = file; path = "Roboto-Regular.ttf"; sourceTree = "<group>"; };
		7ABB212B1839069C0089B3B6 /* Roboto-Thin.ttf */ = {isa = PBXFileReference; lastKnownFileType = file; path = "Roboto-Thin.ttf"; sourceTree = "<group>"; };
		7ABB212C1839069C0089B3B6 /* Roboto-ThinItalic.ttf */ = {isa = PBXFileReference; lastKnownFileType = file; path = "Roboto-ThinItalic.ttf"; sourceTree = "<group>"; };
		7ABB213E183921A00089B3B6 /* OFBottomNotification.h */ = {isa = PBXFileReference; fileEncoding = 4; lastKnownFileType = sourcecode.c.h; path = OFBottomNotification.h; sourceTree = "<group>"; };
		7ABB213F183921A00089B3B6 /* OFBottomNotification.m */ = {isa = PBXFileReference; fileEncoding = 4; lastKnownFileType = sourcecode.c.objc; path = OFBottomNotification.m; sourceTree = "<group>"; };
		7ADB5CF5182A96AC009D2739 /* OFHelperMethods.h */ = {isa = PBXFileReference; fileEncoding = 4; lastKnownFileType = sourcecode.c.h; path = OFHelperMethods.h; sourceTree = "<group>"; };
		7ADB5CF6182A96AC009D2739 /* OFHelperMethods.m */ = {isa = PBXFileReference; fileEncoding = 4; lastKnownFileType = sourcecode.c.objc; path = OFHelperMethods.m; sourceTree = "<group>"; };
		7ADB5CF8182AC41F009D2739 /* OFSearchFormsViewController.h */ = {isa = PBXFileReference; fileEncoding = 4; lastKnownFileType = sourcecode.c.h; path = OFSearchFormsViewController.h; sourceTree = "<group>"; };
		7ADB5CF9182AC41F009D2739 /* OFSearchFormsViewController.m */ = {isa = PBXFileReference; fileEncoding = 4; lastKnownFileType = sourcecode.c.objc; path = OFSearchFormsViewController.m; sourceTree = "<group>"; };
		7ADB5CFF182ACA9F009D2739 /* OFMenuViewController.h */ = {isa = PBXFileReference; fileEncoding = 4; lastKnownFileType = sourcecode.c.h; path = OFMenuViewController.h; sourceTree = "<group>"; };
		7ADB5D00182ACA9F009D2739 /* OFMenuViewController.m */ = {isa = PBXFileReference; fileEncoding = 4; lastKnownFileType = sourcecode.c.objc; path = OFMenuViewController.m; sourceTree = "<group>"; };
		B4DE445615D5404D888C0630 /* libPods.a */ = {isa = PBXFileReference; explicitFileType = archive.ar; includeInIndex = 0; path = libPods.a; sourceTree = BUILT_PRODUCTS_DIR; };
/* End PBXFileReference section */

/* Begin PBXFrameworksBuildPhase section */
		7AAE39191827962C009BE7B3 /* Frameworks */ = {
			isa = PBXFrameworksBuildPhase;
			buildActionMask = 2147483647;
			files = (
				7AB6A4A51843C9EA0034C796 /* QuartzCore.framework in Frameworks */,
				7AB6A49D1843C9BA0034C796 /* AVFoundation.framework in Frameworks */,
				7AAE39241827962C009BE7B3 /* UIKit.framework in Frameworks */,
				D380A24E48E5493F8233C298 /* libPods.a in Frameworks */,
			);
			runOnlyForDeploymentPostprocessing = 0;
		};
		7AAE39341827962C009BE7B3 /* Frameworks */ = {
			isa = PBXFrameworksBuildPhase;
			buildActionMask = 2147483647;
			files = (
				7AAE39391827962C009BE7B3 /* XCTest.framework in Frameworks */,
				7AAE393B1827962C009BE7B3 /* UIKit.framework in Frameworks */,
				7AAE393A1827962C009BE7B3 /* Foundation.framework in Frameworks */,
			);
			runOnlyForDeploymentPostprocessing = 0;
		};
/* End PBXFrameworksBuildPhase section */

/* Begin PBXGroup section */
		7A8EC483184A5EEC006542FC /* My Data */ = {
			isa = PBXGroup;
			children = (
				7A8EC48D184B45C8006542FC /* Organizations with Access */,
				7A8EC487184B3F8D006542FC /* My Card */,
				7A8EC484184A5F04006542FC /* OFMyDataViewController.h */,
				7A8EC485184A5F04006542FC /* OFMyDataViewController.m */,
			);
			name = "My Data";
			sourceTree = "<group>";
		};
		7A8EC487184B3F8D006542FC /* My Card */ = {
			isa = PBXGroup;
			children = (
				7A8EC488184B3FA6006542FC /* OFMyCardViewController.h */,
				7A8EC489184B3FA6006542FC /* OFMyCardViewController.m */,
			);
			name = "My Card";
			sourceTree = "<group>";
		};
		7A8EC48D184B45C8006542FC /* Organizations with Access */ = {
			isa = PBXGroup;
			children = (
				7A8EC48E184B45E4006542FC /* OFOrganizationsAccessViewController.h */,
				7A8EC48F184B45E4006542FC /* OFOrganizationsAccessViewController.m */,
			);
			name = "Organizations with Access";
			sourceTree = "<group>";
		};
		7A8EC491184B56CF006542FC /* Settings */ = {
			isa = PBXGroup;
			children = (
				7A8EC492184B56DF006542FC /* OFSettingsViewController.h */,
				7A8EC493184B56DF006542FC /* OFSettingsViewController.m */,
			);
			name = Settings;
			sourceTree = "<group>";
		};
		7AA983AD1834C56A00A9F375 /* UIElements */ = {
			isa = PBXGroup;
			children = (
				7AA983AE1834C5B400A9F375 /* OFTextField.h */,
				7AA983AF1834C5B400A9F375 /* OFTextField.m */,
				7AB6A447183FC2780034C796 /* OFBackButton.h */,
				7AB6A448183FC2780034C796 /* OFBackButton.m */,
				7ABB213E183921A00089B3B6 /* OFBottomNotification.h */,
				7ABB213F183921A00089B3B6 /* OFBottomNotification.m */,
				7AB6A45218401BA80034C796 /* OFNavigationBar.h */,
				7AB6A45318401BA80034C796 /* OFNavigationBar.m */,
				7AB6A4591840D36C0034C796 /* OFSearchBar.h */,
				7AB6A45A1840D36C0034C796 /* OFSearchBar.m */,
				7AB6A460184375FD0034C796 /* OFFormTitle.h */,
				7AB6A461184375FD0034C796 /* OFFormTitle.m */,
				7AB6A46318437BD30034C796 /* OFFormProgress.h */,
				7AB6A46418437BD30034C796 /* OFFormProgress.m */,
			);
			name = UIElements;
			sourceTree = "<group>";
		};
		7AAE39131827962C009BE7B3 = {
			isa = PBXGroup;
			children = (
				7AAE39251827962C009BE7B3 /* OneForm */,
				7AAE393E1827962C009BE7B3 /* OneFormTests */,
				7AAE391E1827962C009BE7B3 /* Frameworks */,
				7AAE391D1827962C009BE7B3 /* Products */,
				5441CF7EABA740B694EEBA2F /* Pods.xcconfig */,
			);
			sourceTree = "<group>";
		};
		7AAE391D1827962C009BE7B3 /* Products */ = {
			isa = PBXGroup;
			children = (
				7AAE391C1827962C009BE7B3 /* OneForm.app */,
				7AAE39371827962C009BE7B3 /* OneFormTests.xctest */,
			);
			name = Products;
			sourceTree = "<group>";
		};
		7AAE391E1827962C009BE7B3 /* Frameworks */ = {
			isa = PBXGroup;
			children = (
				7AB6A4A61843C9F40034C796 /* libiconv.dylib */,
				7AB6A4A41843C9EA0034C796 /* QuartzCore.framework */,
				7AB6A4A21843C9E40034C796 /* CoreVideo.framework */,
				7AB6A4A01843C9DC0034C796 /* CoreAudio.framework */,
				7AB6A49E1843C9C90034C796 /* CoreMedia.framework */,
				7AB6A49C1843C9BA0034C796 /* AVFoundation.framework */,
				7AAE391F1827962C009BE7B3 /* Foundation.framework */,
				7AAE39211827962C009BE7B3 /* CoreGraphics.framework */,
				7AAE39231827962C009BE7B3 /* UIKit.framework */,
				7AAE39381827962C009BE7B3 /* XCTest.framework */,
				B4DE445615D5404D888C0630 /* libPods.a */,
			);
			name = Frameworks;
			sourceTree = "<group>";
		};
		7AAE39251827962C009BE7B3 /* OneForm */ = {
			isa = PBXGroup;
			children = (
				7A8EC491184B56CF006542FC /* Settings */,
				7A8EC483184A5EEC006542FC /* My Data */,
				7AB6A4751843C0E00034C796 /* My Forms */,
				7ABB211B183906780089B3B6 /* Resources */,
				7AA983AD1834C56A00A9F375 /* UIElements */,
				7AAE394E18279950009BE7B3 /* Login Screen */,
				7ADB5CFE182ACA85009D2739 /* Menu */,
				7ADB5CFB182AC425009D2739 /* Search Forms */,
				7AAE396D1827CF41009BE7B3 /* Utilities */,
				7AAE392E1827962C009BE7B3 /* OFAppDelegate.h */,
				7AAE392F1827962C009BE7B3 /* OFAppDelegate.m */,
				7AAE39311827962C009BE7B3 /* Images.xcassets */,
				7AAE39261827962C009BE7B3 /* Supporting Files */,
			);
			path = OneForm;
			sourceTree = "<group>";
		};
		7AAE39261827962C009BE7B3 /* Supporting Files */ = {
			isa = PBXGroup;
			children = (
				7AAE39271827962C009BE7B3 /* OneForm-Info.plist */,
				7AAE39281827962C009BE7B3 /* InfoPlist.strings */,
				7AAE392B1827962C009BE7B3 /* main.m */,
				7AAE392D1827962C009BE7B3 /* OneForm-Prefix.pch */,
			);
			name = "Supporting Files";
			sourceTree = "<group>";
		};
		7AAE393E1827962C009BE7B3 /* OneFormTests */ = {
			isa = PBXGroup;
			children = (
				7AAE39441827962C009BE7B3 /* OneFormTests.m */,
				7AAE393F1827962C009BE7B3 /* Supporting Files */,
			);
			path = OneFormTests;
			sourceTree = "<group>";
		};
		7AAE393F1827962C009BE7B3 /* Supporting Files */ = {
			isa = PBXGroup;
			children = (
				7AAE39401827962C009BE7B3 /* OneFormTests-Info.plist */,
				7AAE39411827962C009BE7B3 /* InfoPlist.strings */,
			);
			name = "Supporting Files";
			sourceTree = "<group>";
		};
		7AAE394E18279950009BE7B3 /* Login Screen */ = {
			isa = PBXGroup;
			children = (
				7AAE395F1827A04A009BE7B3 /* OFLoginViewController.h */,
				7AAE39601827A04A009BE7B3 /* OFLoginViewController.m */,
			);
			name = "Login Screen";
			sourceTree = "<group>";
		};
		7AAE396D1827CF41009BE7B3 /* Utilities */ = {
			isa = PBXGroup;
			children = (
				7AB6A44F183FC3CF0034C796 /* Constants.h */,
				7AAE396A1827CF3C009BE7B3 /* OFInternetUtility.h */,
				7AAE396B1827CF3C009BE7B3 /* OFInternetUtility.m */,
				7ADB5CF5182A96AC009D2739 /* OFHelperMethods.h */,
				7ADB5CF6182A96AC009D2739 /* OFHelperMethods.m */,
			);
			name = Utilities;
			sourceTree = "<group>";
		};
		7AB6A44A183FC28F0034C796 /* Roboto font */ = {
			isa = PBXGroup;
			children = (
				7ABB211D1839069C0089B3B6 /* Roboto-Black.ttf */,
				7ABB211E1839069C0089B3B6 /* Roboto-BlackItalic.ttf */,
				7ABB211F1839069C0089B3B6 /* Roboto-Bold.ttf */,
				7ABB21201839069C0089B3B6 /* Roboto-BoldCondensed.ttf */,
				7ABB21211839069C0089B3B6 /* Roboto-BoldCondensedItalic.ttf */,
				7ABB21221839069C0089B3B6 /* Roboto-BoldItalic.ttf */,
				7ABB21231839069C0089B3B6 /* Roboto-Condensed.ttf */,
				7ABB21241839069C0089B3B6 /* Roboto-CondensedItalic.ttf */,
				7ABB21251839069C0089B3B6 /* Roboto-Italic.ttf */,
				7ABB21261839069C0089B3B6 /* Roboto-Light.ttf */,
				7ABB21271839069C0089B3B6 /* Roboto-LightItalic.ttf */,
				7ABB21281839069C0089B3B6 /* Roboto-Medium.ttf */,
				7ABB21291839069C0089B3B6 /* Roboto-MediumItalic.ttf */,
				7ABB212A1839069C0089B3B6 /* Roboto-Regular.ttf */,
				7ABB212B1839069C0089B3B6 /* Roboto-Thin.ttf */,
				7ABB212C1839069C0089B3B6 /* Roboto-ThinItalic.ttf */,
			);
			name = "Roboto font";
			sourceTree = "<group>";
		};
		7AB6A44B183FC29F0034C796 /* img */ = {
			isa = PBXGroup;
			children = (
				7A8EC48B184B42F1006542FC /* my_data_qr.png */,
				7AB6A46F18439B7F0034C796 /* form_choice_arrow.png */,
				7AB6A4551840CEE20034C796 /* arrow_back.png */,
				7AB6A4571840D0360034C796 /* menu_bars.png */,
				7AB6A45C1840D6320034C796 /* search_icon.png */,
				7AB6A45E1840D98D0034C796 /* qr_code.png */,
				7AB6A4A91845FE750034C796 /* qr_frame.png */,
			);
			name = img;
			sourceTree = "<group>";
		};
		7AB6A4711843AD8C0034C796 /* QR code reader */ = {
			isa = PBXGroup;
			children = (
				7AB6A4721843ADAB0034C796 /* OFQRCoderViewController.h */,
				7AB6A4731843ADAB0034C796 /* OFQRCoderViewController.m */,
			);
			name = "QR code reader";
			sourceTree = "<group>";
		};
		7AB6A4751843C0E00034C796 /* My Forms */ = {
			isa = PBXGroup;
			children = (
				7AB6A4761843C1270034C796 /* OFMyFormsViewController.h */,
				7AB6A4771843C1270034C796 /* OFMyFormsViewController.m */,
			);
			name = "My Forms";
			sourceTree = "<group>";
		};
		7ABB211B183906780089B3B6 /* Resources */ = {
			isa = PBXGroup;
			children = (
				7AB6A44A183FC28F0034C796 /* Roboto font */,
				7AB6A44B183FC29F0034C796 /* img */,
			);
			name = Resources;
			sourceTree = "<group>";
		};
		7ADB5CFB182AC425009D2739 /* Search Forms */ = {
			isa = PBXGroup;
			children = (
				7AB6A4711843AD8C0034C796 /* QR code reader */,
				7ADB5CF8182AC41F009D2739 /* OFSearchFormsViewController.h */,
				7ADB5CF9182AC41F009D2739 /* OFSearchFormsViewController.m */,
			);
			name = "Search Forms";
			sourceTree = "<group>";
		};
		7ADB5CFE182ACA85009D2739 /* Menu */ = {
			isa = PBXGroup;
			children = (
				7ADB5CFF182ACA9F009D2739 /* OFMenuViewController.h */,
				7ADB5D00182ACA9F009D2739 /* OFMenuViewController.m */,
			);
			name = Menu;
			sourceTree = "<group>";
		};
/* End PBXGroup section */

/* Begin PBXNativeTarget section */
		7AAE391B1827962C009BE7B3 /* OneForm */ = {
			isa = PBXNativeTarget;
			buildConfigurationList = 7AAE39481827962C009BE7B3 /* Build configuration list for PBXNativeTarget "OneForm" */;
			buildPhases = (
				D23ADDCCCAA545A4BD51D517 /* Check Pods Manifest.lock */,
				7AAE39181827962C009BE7B3 /* Sources */,
				7AAE39191827962C009BE7B3 /* Frameworks */,
				7AAE391A1827962C009BE7B3 /* Resources */,
				3E71D02CA72D43D3A036CF1A /* Copy Pods Resources */,
			);
			buildRules = (
			);
			dependencies = (
			);
			name = OneForm;
			productName = OneForm;
			productReference = 7AAE391C1827962C009BE7B3 /* OneForm.app */;
			productType = "com.apple.product-type.application";
		};
		7AAE39361827962C009BE7B3 /* OneFormTests */ = {
			isa = PBXNativeTarget;
			buildConfigurationList = 7AAE394B1827962C009BE7B3 /* Build configuration list for PBXNativeTarget "OneFormTests" */;
			buildPhases = (
				7AAE39331827962C009BE7B3 /* Sources */,
				7AAE39341827962C009BE7B3 /* Frameworks */,
				7AAE39351827962C009BE7B3 /* Resources */,
			);
			buildRules = (
			);
			dependencies = (
				7AAE393D1827962C009BE7B3 /* PBXTargetDependency */,
			);
			name = OneFormTests;
			productName = OneFormTests;
			productReference = 7AAE39371827962C009BE7B3 /* OneFormTests.xctest */;
			productType = "com.apple.product-type.bundle.unit-test";
		};
/* End PBXNativeTarget section */

/* Begin PBXProject section */
		7AAE39141827962C009BE7B3 /* Project object */ = {
			isa = PBXProject;
			attributes = {
				CLASSPREFIX = OF;
				LastUpgradeCheck = 0500;
				ORGANIZATIONNAME = nyuad;
				TargetAttributes = {
					7AAE39361827962C009BE7B3 = {
						TestTargetID = 7AAE391B1827962C009BE7B3;
					};
				};
			};
			buildConfigurationList = 7AAE39171827962C009BE7B3 /* Build configuration list for PBXProject "OneForm" */;
			compatibilityVersion = "Xcode 3.2";
			developmentRegion = English;
			hasScannedForEncodings = 0;
			knownRegions = (
				en,
			);
			mainGroup = 7AAE39131827962C009BE7B3;
			productRefGroup = 7AAE391D1827962C009BE7B3 /* Products */;
			projectDirPath = "";
			projectRoot = "";
			targets = (
				7AAE391B1827962C009BE7B3 /* OneForm */,
				7AAE39361827962C009BE7B3 /* OneFormTests */,
			);
		};
/* End PBXProject section */

/* Begin PBXResourcesBuildPhase section */
		7AAE391A1827962C009BE7B3 /* Resources */ = {
			isa = PBXResourcesBuildPhase;
			buildActionMask = 2147483647;
			files = (
				7AB6A4561840CEE20034C796 /* arrow_back.png in Resources */,
				7ABB21331839069C0089B3B6 /* Roboto-BoldItalic.ttf in Resources */,
				7ABB21381839069C0089B3B6 /* Roboto-LightItalic.ttf in Resources */,
				7AB6A45F1840D98D0034C796 /* qr_code.png in Resources */,
				7AB6A45D1840D6320034C796 /* search_icon.png in Resources */,
				7ABB213D1839069C0089B3B6 /* Roboto-ThinItalic.ttf in Resources */,
				7AB6A4AA1845FE750034C796 /* qr_frame.png in Resources */,
				7ABB21391839069C0089B3B6 /* Roboto-Medium.ttf in Resources */,
				7ABB21371839069C0089B3B6 /* Roboto-Light.ttf in Resources */,
				7AB6A4581840D0360034C796 /* menu_bars.png in Resources */,
				7AAE392A1827962C009BE7B3 /* InfoPlist.strings in Resources */,
				7AAE39321827962C009BE7B3 /* Images.xcassets in Resources */,
				7ABB212F1839069C0089B3B6 /* Roboto-BlackItalic.ttf in Resources */,
				7ABB213C1839069C0089B3B6 /* Roboto-Thin.ttf in Resources */,
				7ABB21341839069C0089B3B6 /* Roboto-Condensed.ttf in Resources */,
				7ABB21351839069C0089B3B6 /* Roboto-CondensedItalic.ttf in Resources */,
				7ABB21301839069C0089B3B6 /* Roboto-Bold.ttf in Resources */,
				7ABB21311839069C0089B3B6 /* Roboto-BoldCondensed.ttf in Resources */,
				7ABB21361839069C0089B3B6 /* Roboto-Italic.ttf in Resources */,
				7AB6A47018439B7F0034C796 /* form_choice_arrow.png in Resources */,
				7ABB213B1839069C0089B3B6 /* Roboto-Regular.ttf in Resources */,
				7ABB21321839069C0089B3B6 /* Roboto-BoldCondensedItalic.ttf in Resources */,
				7A8EC48C184B42F1006542FC /* my_data_qr.png in Resources */,
				7ABB213A1839069C0089B3B6 /* Roboto-MediumItalic.ttf in Resources */,
				7ABB212E1839069C0089B3B6 /* Roboto-Black.ttf in Resources */,
			);
			runOnlyForDeploymentPostprocessing = 0;
		};
		7AAE39351827962C009BE7B3 /* Resources */ = {
			isa = PBXResourcesBuildPhase;
			buildActionMask = 2147483647;
			files = (
				7AAE39431827962C009BE7B3 /* InfoPlist.strings in Resources */,
			);
			runOnlyForDeploymentPostprocessing = 0;
		};
/* End PBXResourcesBuildPhase section */

/* Begin PBXShellScriptBuildPhase section */
		3E71D02CA72D43D3A036CF1A /* Copy Pods Resources */ = {
			isa = PBXShellScriptBuildPhase;
			buildActionMask = 2147483647;
			files = (
			);
			inputPaths = (
			);
			name = "Copy Pods Resources";
			outputPaths = (
			);
			runOnlyForDeploymentPostprocessing = 0;
			shellPath = /bin/sh;
			shellScript = "\"${SRCROOT}/Pods/Pods-resources.sh\"\n";
			showEnvVarsInLog = 0;
		};
		D23ADDCCCAA545A4BD51D517 /* Check Pods Manifest.lock */ = {
			isa = PBXShellScriptBuildPhase;
			buildActionMask = 2147483647;
			files = (
			);
			inputPaths = (
			);
			name = "Check Pods Manifest.lock";
			outputPaths = (
			);
			runOnlyForDeploymentPostprocessing = 0;
			shellPath = /bin/sh;
			shellScript = "diff \"${PODS_ROOT}/../Podfile.lock\" \"${PODS_ROOT}/Manifest.lock\" > /dev/null\nif [[ $? != 0 ]] ; then\n    cat << EOM\nerror: The sandbox is not in sync with the Podfile.lock. Run 'pod install' or update your CocoaPods installation.\nEOM\n    exit 1\nfi\n";
			showEnvVarsInLog = 0;
		};
/* End PBXShellScriptBuildPhase section */

/* Begin PBXSourcesBuildPhase section */
		7AAE39181827962C009BE7B3 /* Sources */ = {
			isa = PBXSourcesBuildPhase;
			buildActionMask = 2147483647;
			files = (
				7AB6A462184375FD0034C796 /* OFFormTitle.m in Sources */,
				7ABB2140183921A00089B3B6 /* OFBottomNotification.m in Sources */,
				7A8EC494184B56DF006542FC /* OFSettingsViewController.m in Sources */,
				7AA983B01834C5B400A9F375 /* OFTextField.m in Sources */,
				7A8EC48A184B3FA6006542FC /* OFMyCardViewController.m in Sources */,
				7AAE392C1827962C009BE7B3 /* main.m in Sources */,
				7AB6A4741843ADAB0034C796 /* OFQRCoderViewController.m in Sources */,
				7AB6A4781843C1270034C796 /* OFMyFormsViewController.m in Sources */,
				7AAE39301827962C009BE7B3 /* OFAppDelegate.m in Sources */,
				7AB6A45B1840D36C0034C796 /* OFSearchBar.m in Sources */,
				7A8EC486184A5F04006542FC /* OFMyDataViewController.m in Sources */,
				7AB6A45418401BA80034C796 /* OFNavigationBar.m in Sources */,
				7ADB5D01182ACA9F009D2739 /* OFMenuViewController.m in Sources */,
				7AB6A449183FC2780034C796 /* OFBackButton.m in Sources */,
				7AAE396C1827CF3C009BE7B3 /* OFInternetUtility.m in Sources */,
				7ADB5CF7182A96AC009D2739 /* OFHelperMethods.m in Sources */,
				7A8EC490184B45E4006542FC /* OFOrganizationsAccessViewController.m in Sources */,
				7ADB5CFA182AC41F009D2739 /* OFSearchFormsViewController.m in Sources */,
				7AAE39611827A04A009BE7B3 /* OFLoginViewController.m in Sources */,
				7AB6A46518437BD30034C796 /* OFFormProgress.m in Sources */,
			);
			runOnlyForDeploymentPostprocessing = 0;
		};
		7AAE39331827962C009BE7B3 /* Sources */ = {
			isa = PBXSourcesBuildPhase;
			buildActionMask = 2147483647;
			files = (
				7AAE39451827962C009BE7B3 /* OneFormTests.m in Sources */,
			);
			runOnlyForDeploymentPostprocessing = 0;
		};
/* End PBXSourcesBuildPhase section */

/* Begin PBXTargetDependency section */
		7AAE393D1827962C009BE7B3 /* PBXTargetDependency */ = {
			isa = PBXTargetDependency;
			target = 7AAE391B1827962C009BE7B3 /* OneForm */;
			targetProxy = 7AAE393C1827962C009BE7B3 /* PBXContainerItemProxy */;
		};
/* End PBXTargetDependency section */

/* Begin PBXVariantGroup section */
		7AAE39281827962C009BE7B3 /* InfoPlist.strings */ = {
			isa = PBXVariantGroup;
			children = (
				7AAE39291827962C009BE7B3 /* en */,
			);
			name = InfoPlist.strings;
			sourceTree = "<group>";
		};
		7AAE39411827962C009BE7B3 /* InfoPlist.strings */ = {
			isa = PBXVariantGroup;
			children = (
				7AAE39421827962C009BE7B3 /* en */,
			);
			name = InfoPlist.strings;
			sourceTree = "<group>";
		};
/* End PBXVariantGroup section */

/* Begin XCBuildConfiguration section */
		7AAE39461827962C009BE7B3 /* Debug */ = {
			isa = XCBuildConfiguration;
			buildSettings = {
				ALWAYS_SEARCH_USER_PATHS = NO;
				ARCHS = "$(ARCHS_STANDARD_INCLUDING_64_BIT)";
				CLANG_CXX_LANGUAGE_STANDARD = "gnu++0x";
				CLANG_CXX_LIBRARY = "libc++";
				CLANG_ENABLE_MODULES = YES;
				CLANG_ENABLE_OBJC_ARC = YES;
				CLANG_WARN_BOOL_CONVERSION = YES;
				CLANG_WARN_CONSTANT_CONVERSION = YES;
				CLANG_WARN_DIRECT_OBJC_ISA_USAGE = YES_ERROR;
				CLANG_WARN_EMPTY_BODY = YES;
				CLANG_WARN_ENUM_CONVERSION = YES;
				CLANG_WARN_INT_CONVERSION = YES;
				CLANG_WARN_OBJC_ROOT_CLASS = YES_ERROR;
				CLANG_WARN__DUPLICATE_METHOD_MATCH = YES;
				"CODE_SIGN_IDENTITY[sdk=iphoneos*]" = "iPhone Developer";
				COPY_PHASE_STRIP = NO;
				GCC_C_LANGUAGE_STANDARD = gnu99;
				GCC_DYNAMIC_NO_PIC = NO;
				GCC_OPTIMIZATION_LEVEL = 0;
				GCC_PREPROCESSOR_DEFINITIONS = (
					"DEBUG=1",
					"$(inherited)",
				);
				GCC_SYMBOLS_PRIVATE_EXTERN = NO;
				GCC_WARN_64_TO_32_BIT_CONVERSION = YES;
				GCC_WARN_ABOUT_RETURN_TYPE = YES_ERROR;
				GCC_WARN_UNDECLARED_SELECTOR = YES;
				GCC_WARN_UNINITIALIZED_AUTOS = YES;
				GCC_WARN_UNUSED_FUNCTION = YES;
				GCC_WARN_UNUSED_VARIABLE = YES;
				IPHONEOS_DEPLOYMENT_TARGET = 7.0;
				ONLY_ACTIVE_ARCH = YES;
				SDKROOT = iphoneos;
			};
			name = Debug;
		};
		7AAE39471827962C009BE7B3 /* Release */ = {
			isa = XCBuildConfiguration;
			buildSettings = {
				ALWAYS_SEARCH_USER_PATHS = NO;
				ARCHS = "$(ARCHS_STANDARD_INCLUDING_64_BIT)";
				CLANG_CXX_LANGUAGE_STANDARD = "gnu++0x";
				CLANG_CXX_LIBRARY = "libc++";
				CLANG_ENABLE_MODULES = YES;
				CLANG_ENABLE_OBJC_ARC = YES;
				CLANG_WARN_BOOL_CONVERSION = YES;
				CLANG_WARN_CONSTANT_CONVERSION = YES;
				CLANG_WARN_DIRECT_OBJC_ISA_USAGE = YES_ERROR;
				CLANG_WARN_EMPTY_BODY = YES;
				CLANG_WARN_ENUM_CONVERSION = YES;
				CLANG_WARN_INT_CONVERSION = YES;
				CLANG_WARN_OBJC_ROOT_CLASS = YES_ERROR;
				CLANG_WARN__DUPLICATE_METHOD_MATCH = YES;
				"CODE_SIGN_IDENTITY[sdk=iphoneos*]" = "iPhone Developer";
				COPY_PHASE_STRIP = YES;
				ENABLE_NS_ASSERTIONS = NO;
				GCC_C_LANGUAGE_STANDARD = gnu99;
				GCC_WARN_64_TO_32_BIT_CONVERSION = YES;
				GCC_WARN_ABOUT_RETURN_TYPE = YES_ERROR;
				GCC_WARN_UNDECLARED_SELECTOR = YES;
				GCC_WARN_UNINITIALIZED_AUTOS = YES;
				GCC_WARN_UNUSED_FUNCTION = YES;
				GCC_WARN_UNUSED_VARIABLE = YES;
				IPHONEOS_DEPLOYMENT_TARGET = 7.0;
				SDKROOT = iphoneos;
				VALIDATE_PRODUCT = YES;
			};
			name = Release;
		};
		7AAE39491827962C009BE7B3 /* Debug */ = {
			isa = XCBuildConfiguration;
			baseConfigurationReference = 5441CF7EABA740B694EEBA2F /* Pods.xcconfig */;
			buildSettings = {
				ASSETCATALOG_COMPILER_APPICON_NAME = AppIcon;
				ASSETCATALOG_COMPILER_LAUNCHIMAGE_NAME = LaunchImage;
				GCC_PRECOMPILE_PREFIX_HEADER = YES;
				GCC_PREFIX_HEADER = "OneForm/OneForm-Prefix.pch";
				INFOPLIST_FILE = "OneForm/OneForm-Info.plist";
				LIBRARY_SEARCH_PATHS = "";
				PRODUCT_NAME = "$(TARGET_NAME)";
				WRAPPER_EXTENSION = app;
			};
			name = Debug;
		};
		7AAE394A1827962C009BE7B3 /* Release */ = {
			isa = XCBuildConfiguration;
			baseConfigurationReference = 5441CF7EABA740B694EEBA2F /* Pods.xcconfig */;
			buildSettings = {
				ASSETCATALOG_COMPILER_APPICON_NAME = AppIcon;
				ASSETCATALOG_COMPILER_LAUNCHIMAGE_NAME = LaunchImage;
				GCC_PRECOMPILE_PREFIX_HEADER = YES;
				GCC_PREFIX_HEADER = "OneForm/OneForm-Prefix.pch";
				INFOPLIST_FILE = "OneForm/OneForm-Info.plist";
				LIBRARY_SEARCH_PATHS = "";
				PRODUCT_NAME = "$(TARGET_NAME)";
				WRAPPER_EXTENSION = app;
			};
			name = Release;
		};
		7AAE394C1827962C009BE7B3 /* Debug */ = {
			isa = XCBuildConfiguration;
			buildSettings = {
				ARCHS = "$(ARCHS_STANDARD_INCLUDING_64_BIT)";
				BUNDLE_LOADER = "$(BUILT_PRODUCTS_DIR)/OneForm.app/OneForm";
				FRAMEWORK_SEARCH_PATHS = (
					"$(SDKROOT)/Developer/Library/Frameworks",
					"$(inherited)",
					"$(DEVELOPER_FRAMEWORKS_DIR)",
				);
				GCC_PRECOMPILE_PREFIX_HEADER = YES;
				GCC_PREFIX_HEADER = "OneForm/OneForm-Prefix.pch";
				GCC_PREPROCESSOR_DEFINITIONS = (
					"DEBUG=1",
					"$(inherited)",
				);
				INFOPLIST_FILE = "OneFormTests/OneFormTests-Info.plist";
				PRODUCT_NAME = "$(TARGET_NAME)";
				TEST_HOST = "$(BUNDLE_LOADER)";
				WRAPPER_EXTENSION = xctest;
			};
			name = Debug;
		};
		7AAE394D1827962C009BE7B3 /* Release */ = {
			isa = XCBuildConfiguration;
			buildSettings = {
				ARCHS = "$(ARCHS_STANDARD_INCLUDING_64_BIT)";
				BUNDLE_LOADER = "$(BUILT_PRODUCTS_DIR)/OneForm.app/OneForm";
				FRAMEWORK_SEARCH_PATHS = (
					"$(SDKROOT)/Developer/Library/Frameworks",
					"$(inherited)",
					"$(DEVELOPER_FRAMEWORKS_DIR)",
				);
				GCC_PRECOMPILE_PREFIX_HEADER = YES;
				GCC_PREFIX_HEADER = "OneForm/OneForm-Prefix.pch";
				INFOPLIST_FILE = "OneFormTests/OneFormTests-Info.plist";
				PRODUCT_NAME = "$(TARGET_NAME)";
				TEST_HOST = "$(BUNDLE_LOADER)";
				WRAPPER_EXTENSION = xctest;
			};
			name = Release;
		};
/* End XCBuildConfiguration section */

/* Begin XCConfigurationList section */
		7AAE39171827962C009BE7B3 /* Build configuration list for PBXProject "OneForm" */ = {
			isa = XCConfigurationList;
			buildConfigurations = (
				7AAE39461827962C009BE7B3 /* Debug */,
				7AAE39471827962C009BE7B3 /* Release */,
			);
			defaultConfigurationIsVisible = 0;
			defaultConfigurationName = Release;
		};
		7AAE39481827962C009BE7B3 /* Build configuration list for PBXNativeTarget "OneForm" */ = {
			isa = XCConfigurationList;
			buildConfigurations = (
				7AAE39491827962C009BE7B3 /* Debug */,
				7AAE394A1827962C009BE7B3 /* Release */,
			);
			defaultConfigurationIsVisible = 0;
			defaultConfigurationName = Release;
		};
		7AAE394B1827962C009BE7B3 /* Build configuration list for PBXNativeTarget "OneFormTests" */ = {
			isa = XCConfigurationList;
			buildConfigurations = (
				7AAE394C1827962C009BE7B3 /* Debug */,
				7AAE394D1827962C009BE7B3 /* Release */,
			);
			defaultConfigurationIsVisible = 0;
			defaultConfigurationName = Release;
		};
/* End XCConfigurationList section */
	};
	rootObject = 7AAE39141827962C009BE7B3 /* Project object */;
}
