// !$*UTF8*$!
{
	archiveVersion = 1;
	classes = {
	};
	objectVersion = 46;
	objects = {

/* Begin PBXBuildFile section */
		7AA983B01834C5B400A9F375 /* OFTextField.m in Sources */ = {isa = PBXBuildFile; fileRef = 7AA983AF1834C5B400A9F375 /* OFTextField.m */; };
		7AAE39201827962C009BE7B3 /* Foundation.framework in Frameworks */ = {isa = PBXBuildFile; fileRef = 7AAE391F1827962C009BE7B3 /* Foundation.framework */; };
		7AAE39221827962C009BE7B3 /* CoreGraphics.framework in Frameworks */ = {isa = PBXBuildFile; fileRef = 7AAE39211827962C009BE7B3 /* CoreGraphics.framework */; };
		7AAE39241827962C009BE7B3 /* UIKit.framework in Frameworks */ = {isa = PBXBuildFile; fileRef = 7AAE39231827962C009BE7B3 /* UIKit.framework */; };
		7AAE392A1827962C009BE7B3 /* InfoPlist.strings in Resources */ = {isa = PBXBuildFile; fileRef = 7AAE39281827962C009BE7B3 /* InfoPlist.strings */; };
		7AAE392C1827962C009BE7B3 /* main.m in Sources */ = {isa = PBXBuildFile; fileRef = 7AAE392B1827962C009BE7B3 /* main.m */; };
		7AAE39301827962C009BE7B3 /* OFAppDelegate.m in Sources */ = {isa = PBXBuildFile; fileRef = 7AAE392F1827962C009BE7B3 /* OFAppDelegate.m */; };
		7AAE39321827962C009BE7B3 /* Images.xcassets in Resources */ = {isa = PBXBuildFile; fileRef = 7AAE39311827962C009BE7B3 /* Images.xcassets */; };
		7AAE39391827962C009BE7B3 /* XCTest.framework in Frameworks */ = {isa = PBXBuildFile; fileRef = 7AAE39381827962C009BE7B3 /* XCTest.framework */; };
		7AAE393A1827962C009BE7B3 /* Foundation.framework in Frameworks */ = {isa = PBXBuildFile; fileRef = 7AAE391F1827962C009BE7B3 /* Foundation.framework */; };
		7AAE393B1827962C009BE7B3 /* UIKit.framework in Frameworks */ = {isa = PBXBuildFile; fileRef = 7AAE39231827962C009BE7B3 /* UIKit.framework */; };
		7AAE39431827962C009BE7B3 /* InfoPlist.strings in Resources */ = {isa = PBXBuildFile; fileRef = 7AAE39411827962C009BE7B3 /* InfoPlist.strings */; };
		7AAE39451827962C009BE7B3 /* OneFormTests.m in Sources */ = {isa = PBXBuildFile; fileRef = 7AAE39441827962C009BE7B3 /* OneFormTests.m */; };
		7AAE39611827A04A009BE7B3 /* OFLoginViewController.m in Sources */ = {isa = PBXBuildFile; fileRef = 7AAE39601827A04A009BE7B3 /* OFLoginViewController.m */; };
		7AAE39691827C6A3009BE7B3 /* Reachability.m in Sources */ = {isa = PBXBuildFile; fileRef = 7AAE39681827C6A3009BE7B3 /* Reachability.m */; };
		7AAE396C1827CF3C009BE7B3 /* OFInternetUtility.m in Sources */ = {isa = PBXBuildFile; fileRef = 7AAE396B1827CF3C009BE7B3 /* OFInternetUtility.m */; };
		7ABB211A1837E0D30089B3B6 /* SWRevealViewController.m in Sources */ = {isa = PBXBuildFile; fileRef = 7ABB21191837E0D30089B3B6 /* SWRevealViewController.m */; };
		7ABB212E1839069C0089B3B6 /* Roboto-Black.ttf in Resources */ = {isa = PBXBuildFile; fileRef = 7ABB211D1839069C0089B3B6 /* Roboto-Black.ttf */; };
		7ABB212F1839069C0089B3B6 /* Roboto-BlackItalic.ttf in Resources */ = {isa = PBXBuildFile; fileRef = 7ABB211E1839069C0089B3B6 /* Roboto-BlackItalic.ttf */; };
		7ABB21301839069C0089B3B6 /* Roboto-Bold.ttf in Resources */ = {isa = PBXBuildFile; fileRef = 7ABB211F1839069C0089B3B6 /* Roboto-Bold.ttf */; };
		7ABB21311839069C0089B3B6 /* Roboto-BoldCondensed.ttf in Resources */ = {isa = PBXBuildFile; fileRef = 7ABB21201839069C0089B3B6 /* Roboto-BoldCondensed.ttf */; };
		7ABB21321839069C0089B3B6 /* Roboto-BoldCondensedItalic.ttf in Resources */ = {isa = PBXBuildFile; fileRef = 7ABB21211839069C0089B3B6 /* Roboto-BoldCondensedItalic.ttf */; };
		7ABB21331839069C0089B3B6 /* Roboto-BoldItalic.ttf in Resources */ = {isa = PBXBuildFile; fileRef = 7ABB21221839069C0089B3B6 /* Roboto-BoldItalic.ttf */; };
		7ABB21341839069C0089B3B6 /* Roboto-Condensed.ttf in Resources */ = {isa = PBXBuildFile; fileRef = 7ABB21231839069C0089B3B6 /* Roboto-Condensed.ttf */; };
		7ABB21351839069C0089B3B6 /* Roboto-CondensedItalic.ttf in Resources */ = {isa = PBXBuildFile; fileRef = 7ABB21241839069C0089B3B6 /* Roboto-CondensedItalic.ttf */; };
		7ABB21361839069C0089B3B6 /* Roboto-Italic.ttf in Resources */ = {isa = PBXBuildFile; fileRef = 7ABB21251839069C0089B3B6 /* Roboto-Italic.ttf */; };
		7ABB21371839069C0089B3B6 /* Roboto-Light.ttf in Resources */ = {isa = PBXBuildFile; fileRef = 7ABB21261839069C0089B3B6 /* Roboto-Light.ttf */; };
		7ABB21381839069C0089B3B6 /* Roboto-LightItalic.ttf in Resources */ = {isa = PBXBuildFile; fileRef = 7ABB21271839069C0089B3B6 /* Roboto-LightItalic.ttf */; };
		7ABB21391839069C0089B3B6 /* Roboto-Medium.ttf in Resources */ = {isa = PBXBuildFile; fileRef = 7ABB21281839069C0089B3B6 /* Roboto-Medium.ttf */; };
		7ABB213A1839069C0089B3B6 /* Roboto-MediumItalic.ttf in Resources */ = {isa = PBXBuildFile; fileRef = 7ABB21291839069C0089B3B6 /* Roboto-MediumItalic.ttf */; };
		7ABB213B1839069C0089B3B6 /* Roboto-Regular.ttf in Resources */ = {isa = PBXBuildFile; fileRef = 7ABB212A1839069C0089B3B6 /* Roboto-Regular.ttf */; };
		7ABB213C1839069C0089B3B6 /* Roboto-Thin.ttf in Resources */ = {isa = PBXBuildFile; fileRef = 7ABB212B1839069C0089B3B6 /* Roboto-Thin.ttf */; };
		7ABB213D1839069C0089B3B6 /* Roboto-ThinItalic.ttf in Resources */ = {isa = PBXBuildFile; fileRef = 7ABB212C1839069C0089B3B6 /* Roboto-ThinItalic.ttf */; };
		7ABB2140183921A00089B3B6 /* OFBottomNotification.m in Sources */ = {isa = PBXBuildFile; fileRef = 7ABB213F183921A00089B3B6 /* OFBottomNotification.m */; };
		7ABB2143183A05810089B3B6 /* TPKeyboardAvoidingScrollView.m in Sources */ = {isa = PBXBuildFile; fileRef = 7ABB2142183A05810089B3B6 /* TPKeyboardAvoidingScrollView.m */; };
		7ABB2146183A06620089B3B6 /* UIScrollView+TPKeyboardAvoidingAdditions.m in Sources */ = {isa = PBXBuildFile; fileRef = 7ABB2145183A06620089B3B6 /* UIScrollView+TPKeyboardAvoidingAdditions.m */; };
		7ADB5CF7182A96AC009D2739 /* OFHelperMethods.m in Sources */ = {isa = PBXBuildFile; fileRef = 7ADB5CF6182A96AC009D2739 /* OFHelperMethods.m */; };
		7ADB5CFA182AC41F009D2739 /* OFSearchFormsViewController.m in Sources */ = {isa = PBXBuildFile; fileRef = 7ADB5CF9182AC41F009D2739 /* OFSearchFormsViewController.m */; };
		7ADB5CFD182AC4BE009D2739 /* OFSearchFormsMockup.xib in Resources */ = {isa = PBXBuildFile; fileRef = 7ADB5CFC182AC4BE009D2739 /* OFSearchFormsMockup.xib */; };
		7ADB5D01182ACA9F009D2739 /* OFMenuViewController.m in Sources */ = {isa = PBXBuildFile; fileRef = 7ADB5D00182ACA9F009D2739 /* OFMenuViewController.m */; };
		7ADB5D03182ACAB3009D2739 /* OFMenuMockup.xib in Resources */ = {isa = PBXBuildFile; fileRef = 7ADB5D02182ACAB3009D2739 /* OFMenuMockup.xib */; };
/* End PBXBuildFile section */

/* Begin PBXContainerItemProxy section */
		7AAE393C1827962C009BE7B3 /* PBXContainerItemProxy */ = {
			isa = PBXContainerItemProxy;
			containerPortal = 7AAE39141827962C009BE7B3 /* Project object */;
			proxyType = 1;
			remoteGlobalIDString = 7AAE391B1827962C009BE7B3;
			remoteInfo = OneForm;
		};
/* End PBXContainerItemProxy section */

/* Begin PBXFileReference section */
		7AA983AE1834C5B400A9F375 /* OFTextField.h */ = {isa = PBXFileReference; fileEncoding = 4; lastKnownFileType = sourcecode.c.h; path = OFTextField.h; sourceTree = "<group>"; };
		7AA983AF1834C5B400A9F375 /* OFTextField.m */ = {isa = PBXFileReference; fileEncoding = 4; lastKnownFileType = sourcecode.c.objc; path = OFTextField.m; sourceTree = "<group>"; };
		7AAE391C1827962C009BE7B3 /* OneForm.app */ = {isa = PBXFileReference; explicitFileType = wrapper.application; includeInIndex = 0; path = OneForm.app; sourceTree = BUILT_PRODUCTS_DIR; };
		7AAE391F1827962C009BE7B3 /* Foundation.framework */ = {isa = PBXFileReference; lastKnownFileType = wrapper.framework; name = Foundation.framework; path = System/Library/Frameworks/Foundation.framework; sourceTree = SDKROOT; };
		7AAE39211827962C009BE7B3 /* CoreGraphics.framework */ = {isa = PBXFileReference; lastKnownFileType = wrapper.framework; name = CoreGraphics.framework; path = System/Library/Frameworks/CoreGraphics.framework; sourceTree = SDKROOT; };
		7AAE39231827962C009BE7B3 /* UIKit.framework */ = {isa = PBXFileReference; lastKnownFileType = wrapper.framework; name = UIKit.framework; path = System/Library/Frameworks/UIKit.framework; sourceTree = SDKROOT; };
		7AAE39271827962C009BE7B3 /* OneForm-Info.plist */ = {isa = PBXFileReference; lastKnownFileType = text.plist.xml; path = "OneForm-Info.plist"; sourceTree = "<group>"; };
		7AAE39291827962C009BE7B3 /* en */ = {isa = PBXFileReference; lastKnownFileType = text.plist.strings; name = en; path = en.lproj/InfoPlist.strings; sourceTree = "<group>"; };
		7AAE392B1827962C009BE7B3 /* main.m */ = {isa = PBXFileReference; lastKnownFileType = sourcecode.c.objc; path = main.m; sourceTree = "<group>"; };
		7AAE392D1827962C009BE7B3 /* OneForm-Prefix.pch */ = {isa = PBXFileReference; lastKnownFileType = sourcecode.c.h; path = "OneForm-Prefix.pch"; sourceTree = "<group>"; };
		7AAE392E1827962C009BE7B3 /* OFAppDelegate.h */ = {isa = PBXFileReference; lastKnownFileType = sourcecode.c.h; path = OFAppDelegate.h; sourceTree = "<group>"; };
		7AAE392F1827962C009BE7B3 /* OFAppDelegate.m */ = {isa = PBXFileReference; lastKnownFileType = sourcecode.c.objc; path = OFAppDelegate.m; sourceTree = "<group>"; };
		7AAE39311827962C009BE7B3 /* Images.xcassets */ = {isa = PBXFileReference; lastKnownFileType = folder.assetcatalog; path = Images.xcassets; sourceTree = "<group>"; };
		7AAE39371827962C009BE7B3 /* OneFormTests.xctest */ = {isa = PBXFileReference; explicitFileType = wrapper.cfbundle; includeInIndex = 0; path = OneFormTests.xctest; sourceTree = BUILT_PRODUCTS_DIR; };
		7AAE39381827962C009BE7B3 /* XCTest.framework */ = {isa = PBXFileReference; lastKnownFileType = wrapper.framework; name = XCTest.framework; path = Library/Frameworks/XCTest.framework; sourceTree = DEVELOPER_DIR; };
		7AAE39401827962C009BE7B3 /* OneFormTests-Info.plist */ = {isa = PBXFileReference; lastKnownFileType = text.plist.xml; path = "OneFormTests-Info.plist"; sourceTree = "<group>"; };
		7AAE39421827962C009BE7B3 /* en */ = {isa = PBXFileReference; lastKnownFileType = text.plist.strings; name = en; path = en.lproj/InfoPlist.strings; sourceTree = "<group>"; };
		7AAE39441827962C009BE7B3 /* OneFormTests.m */ = {isa = PBXFileReference; lastKnownFileType = sourcecode.c.objc; path = OneFormTests.m; sourceTree = "<group>"; };
		7AAE395E18279E8A009BE7B3 /* OFLoginMockup.xib */ = {isa = PBXFileReference; lastKnownFileType = file.xib; path = OFLoginMockup.xib; sourceTree = "<group>"; };
		7AAE395F1827A04A009BE7B3 /* OFLoginViewController.h */ = {isa = PBXFileReference; fileEncoding = 4; lastKnownFileType = sourcecode.c.h; path = OFLoginViewController.h; sourceTree = "<group>"; };
		7AAE39601827A04A009BE7B3 /* OFLoginViewController.m */ = {isa = PBXFileReference; fileEncoding = 4; lastKnownFileType = sourcecode.c.objc; path = OFLoginViewController.m; sourceTree = "<group>"; };
		7AAE39671827C6A3009BE7B3 /* Reachability.h */ = {isa = PBXFileReference; fileEncoding = 4; lastKnownFileType = sourcecode.c.h; path = Reachability.h; sourceTree = "<group>"; };
		7AAE39681827C6A3009BE7B3 /* Reachability.m */ = {isa = PBXFileReference; fileEncoding = 4; lastKnownFileType = sourcecode.c.objc; path = Reachability.m; sourceTree = "<group>"; };
		7AAE396A1827CF3C009BE7B3 /* OFInternetUtility.h */ = {isa = PBXFileReference; fileEncoding = 4; lastKnownFileType = sourcecode.c.h; path = OFInternetUtility.h; sourceTree = "<group>"; };
		7AAE396B1827CF3C009BE7B3 /* OFInternetUtility.m */ = {isa = PBXFileReference; fileEncoding = 4; lastKnownFileType = sourcecode.c.objc; path = OFInternetUtility.m; sourceTree = "<group>"; };
		7ABB21181837E0D30089B3B6 /* SWRevealViewController.h */ = {isa = PBXFileReference; fileEncoding = 4; lastKnownFileType = sourcecode.c.h; path = SWRevealViewController.h; sourceTree = "<group>"; };
		7ABB21191837E0D30089B3B6 /* SWRevealViewController.m */ = {isa = PBXFileReference; fileEncoding = 4; lastKnownFileType = sourcecode.c.objc; path = SWRevealViewController.m; sourceTree = "<group>"; };
		7ABB211D1839069C0089B3B6 /* Roboto-Black.ttf */ = {isa = PBXFileReference; lastKnownFileType = file; path = "Roboto-Black.ttf"; sourceTree = "<group>"; };
		7ABB211E1839069C0089B3B6 /* Roboto-BlackItalic.ttf */ = {isa = PBXFileReference; lastKnownFileType = file; path = "Roboto-BlackItalic.ttf"; sourceTree = "<group>"; };
		7ABB211F1839069C0089B3B6 /* Roboto-Bold.ttf */ = {isa = PBXFileReference; lastKnownFileType = file; path = "Roboto-Bold.ttf"; sourceTree = "<group>"; };
		7ABB21201839069C0089B3B6 /* Roboto-BoldCondensed.ttf */ = {isa = PBXFileReference; lastKnownFileType = file; path = "Roboto-BoldCondensed.ttf"; sourceTree = "<group>"; };
		7ABB21211839069C0089B3B6 /* Roboto-BoldCondensedItalic.ttf */ = {isa = PBXFileReference; lastKnownFileType = file; path = "Roboto-BoldCondensedItalic.ttf"; sourceTree = "<group>"; };
		7ABB21221839069C0089B3B6 /* Roboto-BoldItalic.ttf */ = {isa = PBXFileReference; lastKnownFileType = file; path = "Roboto-BoldItalic.ttf"; sourceTree = "<group>"; };
		7ABB21231839069C0089B3B6 /* Roboto-Condensed.ttf */ = {isa = PBXFileReference; lastKnownFileType = file; path = "Roboto-Condensed.ttf"; sourceTree = "<group>"; };
		7ABB21241839069C0089B3B6 /* Roboto-CondensedItalic.ttf */ = {isa = PBXFileReference; lastKnownFileType = file; path = "Roboto-CondensedItalic.ttf"; sourceTree = "<group>"; };
		7ABB21251839069C0089B3B6 /* Roboto-Italic.ttf */ = {isa = PBXFileReference; lastKnownFileType = file; path = "Roboto-Italic.ttf"; sourceTree = "<group>"; };
		7ABB21261839069C0089B3B6 /* Roboto-Light.ttf */ = {isa = PBXFileReference; lastKnownFileType = file; path = "Roboto-Light.ttf"; sourceTree = "<group>"; };
		7ABB21271839069C0089B3B6 /* Roboto-LightItalic.ttf */ = {isa = PBXFileReference; lastKnownFileType = file; path = "Roboto-LightItalic.ttf"; sourceTree = "<group>"; };
		7ABB21281839069C0089B3B6 /* Roboto-Medium.ttf */ = {isa = PBXFileReference; lastKnownFileType = file; path = "Roboto-Medium.ttf"; sourceTree = "<group>"; };
		7ABB21291839069C0089B3B6 /* Roboto-MediumItalic.ttf */ = {isa = PBXFileReference; lastKnownFileType = file; path = "Roboto-MediumItalic.ttf"; sourceTree = "<group>"; };
		7ABB212A1839069C0089B3B6 /* Roboto-Regular.ttf */ = {isa = PBXFileReference; lastKnownFileType = file; path = "Roboto-Regular.ttf"; sourceTree = "<group>"; };
		7ABB212B1839069C0089B3B6 /* Roboto-Thin.ttf */ = {isa = PBXFileReference; lastKnownFileType = file; path = "Roboto-Thin.ttf"; sourceTree = "<group>"; };
		7ABB212C1839069C0089B3B6 /* Roboto-ThinItalic.ttf */ = {isa = PBXFileReference; lastKnownFileType = file; path = "Roboto-ThinItalic.ttf"; sourceTree = "<group>"; };
		7ABB213E183921A00089B3B6 /* OFBottomNotification.h */ = {isa = PBXFileReference; fileEncoding = 4; lastKnownFileType = sourcecode.c.h; path = OFBottomNotification.h; sourceTree = "<group>"; };
		7ABB213F183921A00089B3B6 /* OFBottomNotification.m */ = {isa = PBXFileReference; fileEncoding = 4; lastKnownFileType = sourcecode.c.objc; path = OFBottomNotification.m; sourceTree = "<group>"; };
		7ABB2141183A05810089B3B6 /* TPKeyboardAvoidingScrollView.h */ = {isa = PBXFileReference; fileEncoding = 4; lastKnownFileType = sourcecode.c.h; path = TPKeyboardAvoidingScrollView.h; sourceTree = "<group>"; };
		7ABB2142183A05810089B3B6 /* TPKeyboardAvoidingScrollView.m */ = {isa = PBXFileReference; fileEncoding = 4; lastKnownFileType = sourcecode.c.objc; path = TPKeyboardAvoidingScrollView.m; sourceTree = "<group>"; };
		7ABB2144183A06620089B3B6 /* UIScrollView+TPKeyboardAvoidingAdditions.h */ = {isa = PBXFileReference; fileEncoding = 4; lastKnownFileType = sourcecode.c.h; path = "UIScrollView+TPKeyboardAvoidingAdditions.h"; sourceTree = "<group>"; };
		7ABB2145183A06620089B3B6 /* UIScrollView+TPKeyboardAvoidingAdditions.m */ = {isa = PBXFileReference; fileEncoding = 4; lastKnownFileType = sourcecode.c.objc; path = "UIScrollView+TPKeyboardAvoidingAdditions.m"; sourceTree = "<group>"; };
		7ADB5CF5182A96AC009D2739 /* OFHelperMethods.h */ = {isa = PBXFileReference; fileEncoding = 4; lastKnownFileType = sourcecode.c.h; path = OFHelperMethods.h; sourceTree = "<group>"; };
		7ADB5CF6182A96AC009D2739 /* OFHelperMethods.m */ = {isa = PBXFileReference; fileEncoding = 4; lastKnownFileType = sourcecode.c.objc; path = OFHelperMethods.m; sourceTree = "<group>"; };
		7ADB5CF8182AC41F009D2739 /* OFSearchFormsViewController.h */ = {isa = PBXFileReference; fileEncoding = 4; lastKnownFileType = sourcecode.c.h; path = OFSearchFormsViewController.h; sourceTree = "<group>"; };
		7ADB5CF9182AC41F009D2739 /* OFSearchFormsViewController.m */ = {isa = PBXFileReference; fileEncoding = 4; lastKnownFileType = sourcecode.c.objc; path = OFSearchFormsViewController.m; sourceTree = "<group>"; };
		7ADB5CFC182AC4BE009D2739 /* OFSearchFormsMockup.xib */ = {isa = PBXFileReference; fileEncoding = 4; lastKnownFileType = file.xib; path = OFSearchFormsMockup.xib; sourceTree = "<group>"; };
		7ADB5CFF182ACA9F009D2739 /* OFMenuViewController.h */ = {isa = PBXFileReference; fileEncoding = 4; lastKnownFileType = sourcecode.c.h; path = OFMenuViewController.h; sourceTree = "<group>"; };
		7ADB5D00182ACA9F009D2739 /* OFMenuViewController.m */ = {isa = PBXFileReference; fileEncoding = 4; lastKnownFileType = sourcecode.c.objc; path = OFMenuViewController.m; sourceTree = "<group>"; };
		7ADB5D02182ACAB3009D2739 /* OFMenuMockup.xib */ = {isa = PBXFileReference; fileEncoding = 4; lastKnownFileType = file.xib; path = OFMenuMockup.xib; sourceTree = "<group>"; };
/* End PBXFileReference section */

/* Begin PBXFrameworksBuildPhase section */
		7AAE39191827962C009BE7B3 /* Frameworks */ = {
			isa = PBXFrameworksBuildPhase;
			buildActionMask = 2147483647;
			files = (
				7AAE39221827962C009BE7B3 /* CoreGraphics.framework in Frameworks */,
				7AAE39241827962C009BE7B3 /* UIKit.framework in Frameworks */,
				7AAE39201827962C009BE7B3 /* Foundation.framework in Frameworks */,
			);
			runOnlyForDeploymentPostprocessing = 0;
		};
		7AAE39341827962C009BE7B3 /* Frameworks */ = {
			isa = PBXFrameworksBuildPhase;
			buildActionMask = 2147483647;
			files = (
				7AAE39391827962C009BE7B3 /* XCTest.framework in Frameworks */,
				7AAE393B1827962C009BE7B3 /* UIKit.framework in Frameworks */,
				7AAE393A1827962C009BE7B3 /* Foundation.framework in Frameworks */,
			);
			runOnlyForDeploymentPostprocessing = 0;
		};
/* End PBXFrameworksBuildPhase section */

/* Begin PBXGroup section */
		7AA983AD1834C56A00A9F375 /* UIelements */ = {
			isa = PBXGroup;
			children = (
				7AA983AE1834C5B400A9F375 /* OFTextField.h */,
				7AA983AF1834C5B400A9F375 /* OFTextField.m */,
				7ABB213E183921A00089B3B6 /* OFBottomNotification.h */,
				7ABB213F183921A00089B3B6 /* OFBottomNotification.m */,
			);
			name = UIelements;
			sourceTree = "<group>";
		};
		7AAE39131827962C009BE7B3 = {
			isa = PBXGroup;
			children = (
				7AAE39251827962C009BE7B3 /* OneForm */,
				7AAE393E1827962C009BE7B3 /* OneFormTests */,
				7AAE391E1827962C009BE7B3 /* Frameworks */,
				7AAE391D1827962C009BE7B3 /* Products */,
			);
			sourceTree = "<group>";
		};
		7AAE391D1827962C009BE7B3 /* Products */ = {
			isa = PBXGroup;
			children = (
				7AAE391C1827962C009BE7B3 /* OneForm.app */,
				7AAE39371827962C009BE7B3 /* OneFormTests.xctest */,
			);
			name = Products;
			sourceTree = "<group>";
		};
		7AAE391E1827962C009BE7B3 /* Frameworks */ = {
			isa = PBXGroup;
			children = (
				7AAE391F1827962C009BE7B3 /* Foundation.framework */,
				7AAE39211827962C009BE7B3 /* CoreGraphics.framework */,
				7AAE39231827962C009BE7B3 /* UIKit.framework */,
				7AAE39381827962C009BE7B3 /* XCTest.framework */,
			);
			name = Frameworks;
			sourceTree = "<group>";
		};
		7AAE39251827962C009BE7B3 /* OneForm */ = {
			isa = PBXGroup;
			children = (
				7ABB211B183906780089B3B6 /* Resources */,
				7AA983AD1834C56A00A9F375 /* UIelements */,
				7AAE394E18279950009BE7B3 /* Login Screen */,
				7ADB5CFE182ACA85009D2739 /* Menu */,
				7ADB5CFB182AC425009D2739 /* Search Forms */,
				7AAE396D1827CF41009BE7B3 /* Utilities */,
				7AAE39661827C638009BE7B3 /* External */,
				7AAE392E1827962C009BE7B3 /* OFAppDelegate.h */,
				7AAE392F1827962C009BE7B3 /* OFAppDelegate.m */,
				7AAE39311827962C009BE7B3 /* Images.xcassets */,
				7AAE39261827962C009BE7B3 /* Supporting Files */,
			);
			path = OneForm;
			sourceTree = "<group>";
		};
		7AAE39261827962C009BE7B3 /* Supporting Files */ = {
			isa = PBXGroup;
			children = (
				7AAE39271827962C009BE7B3 /* OneForm-Info.plist */,
				7AAE39281827962C009BE7B3 /* InfoPlist.strings */,
				7AAE392B1827962C009BE7B3 /* main.m */,
				7AAE392D1827962C009BE7B3 /* OneForm-Prefix.pch */,
			);
			name = "Supporting Files";
			sourceTree = "<group>";
		};
		7AAE393E1827962C009BE7B3 /* OneFormTests */ = {
			isa = PBXGroup;
			children = (
				7AAE39441827962C009BE7B3 /* OneFormTests.m */,
				7AAE393F1827962C009BE7B3 /* Supporting Files */,
			);
			path = OneFormTests;
			sourceTree = "<group>";
		};
		7AAE393F1827962C009BE7B3 /* Supporting Files */ = {
			isa = PBXGroup;
			children = (
				7AAE39401827962C009BE7B3 /* OneFormTests-Info.plist */,
				7AAE39411827962C009BE7B3 /* InfoPlist.strings */,
			);
			name = "Supporting Files";
			sourceTree = "<group>";
		};
		7AAE394E18279950009BE7B3 /* Login Screen */ = {
			isa = PBXGroup;
			children = (
				7AAE395E18279E8A009BE7B3 /* OFLoginMockup.xib */,
				7AAE395F1827A04A009BE7B3 /* OFLoginViewController.h */,
				7AAE39601827A04A009BE7B3 /* OFLoginViewController.m */,
			);
			name = "Login Screen";
			sourceTree = "<group>";
		};
		7AAE39661827C638009BE7B3 /* External */ = {
			isa = PBXGroup;
			children = (
				7ABB2144183A06620089B3B6 /* UIScrollView+TPKeyboardAvoidingAdditions.h */,
				7ABB2145183A06620089B3B6 /* UIScrollView+TPKeyboardAvoidingAdditions.m */,
				7ABB2141183A05810089B3B6 /* TPKeyboardAvoidingScrollView.h */,
				7ABB2142183A05810089B3B6 /* TPKeyboardAvoidingScrollView.m */,
				7ABB21181837E0D30089B3B6 /* SWRevealViewController.h */,
				7ABB21191837E0D30089B3B6 /* SWRevealViewController.m */,
				7AAE39671827C6A3009BE7B3 /* Reachability.h */,
				7AAE39681827C6A3009BE7B3 /* Reachability.m */,
			);
			name = External;
			sourceTree = "<group>";
		};
		7AAE396D1827CF41009BE7B3 /* Utilities */ = {
			isa = PBXGroup;
			children = (
				7AAE396A1827CF3C009BE7B3 /* OFInternetUtility.h */,
				7AAE396B1827CF3C009BE7B3 /* OFInternetUtility.m */,
				7ADB5CF5182A96AC009D2739 /* OFHelperMethods.h */,
				7ADB5CF6182A96AC009D2739 /* OFHelperMethods.m */,
			);
			name = Utilities;
			sourceTree = "<group>";
		};
		7ABB211B183906780089B3B6 /* Resources */ = {
			isa = PBXGroup;
			children = (
				7ABB211D1839069C0089B3B6 /* Roboto-Black.ttf */,
				7ABB211E1839069C0089B3B6 /* Roboto-BlackItalic.ttf */,
				7ABB211F1839069C0089B3B6 /* Roboto-Bold.ttf */,
				7ABB21201839069C0089B3B6 /* Roboto-BoldCondensed.ttf */,
				7ABB21211839069C0089B3B6 /* Roboto-BoldCondensedItalic.ttf */,
				7ABB21221839069C0089B3B6 /* Roboto-BoldItalic.ttf */,
				7ABB21231839069C0089B3B6 /* Roboto-Condensed.ttf */,
				7ABB21241839069C0089B3B6 /* Roboto-CondensedItalic.ttf */,
				7ABB21251839069C0089B3B6 /* Roboto-Italic.ttf */,
				7ABB21261839069C0089B3B6 /* Roboto-Light.ttf */,
				7ABB21271839069C0089B3B6 /* Roboto-LightItalic.ttf */,
				7ABB21281839069C0089B3B6 /* Roboto-Medium.ttf */,
				7ABB21291839069C0089B3B6 /* Roboto-MediumItalic.ttf */,
				7ABB212A1839069C0089B3B6 /* Roboto-Regular.ttf */,
				7ABB212B1839069C0089B3B6 /* Roboto-Thin.ttf */,
				7ABB212C1839069C0089B3B6 /* Roboto-ThinItalic.ttf */,
			);
			name = Resources;
			sourceTree = "<group>";
		};
		7ADB5CFB182AC425009D2739 /* Search Forms */ = {
			isa = PBXGroup;
			children = (
				7ADB5CFC182AC4BE009D2739 /* OFSearchFormsMockup.xib */,
				7ADB5CF8182AC41F009D2739 /* OFSearchFormsViewController.h */,
				7ADB5CF9182AC41F009D2739 /* OFSearchFormsViewController.m */,
			);
			name = "Search Forms";
			sourceTree = "<group>";
		};
		7ADB5CFE182ACA85009D2739 /* Menu */ = {
			isa = PBXGroup;
			children = (
				7ADB5CFF182ACA9F009D2739 /* OFMenuViewController.h */,
				7ADB5D00182ACA9F009D2739 /* OFMenuViewController.m */,
				7ADB5D02182ACAB3009D2739 /* OFMenuMockup.xib */,
			);
			name = Menu;
			sourceTree = "<group>";
		};
/* End PBXGroup section */

/* Begin PBXNativeTarget section */
		7AAE391B1827962C009BE7B3 /* OneForm */ = {
			isa = PBXNativeTarget;
			buildConfigurationList = 7AAE39481827962C009BE7B3 /* Build configuration list for PBXNativeTarget "OneForm" */;
			buildPhases = (
				7AAE39181827962C009BE7B3 /* Sources */,
				7AAE39191827962C009BE7B3 /* Frameworks */,
				7AAE391A1827962C009BE7B3 /* Resources */,
			);
			buildRules = (
			);
			dependencies = (
			);
			name = OneForm;
			productName = OneForm;
			productReference = 7AAE391C1827962C009BE7B3 /* OneForm.app */;
			productType = "com.apple.product-type.application";
		};
		7AAE39361827962C009BE7B3 /* OneFormTests */ = {
			isa = PBXNativeTarget;
			buildConfigurationList = 7AAE394B1827962C009BE7B3 /* Build configuration list for PBXNativeTarget "OneFormTests" */;
			buildPhases = (
				7AAE39331827962C009BE7B3 /* Sources */,
				7AAE39341827962C009BE7B3 /* Frameworks */,
				7AAE39351827962C009BE7B3 /* Resources */,
			);
			buildRules = (
			);
			dependencies = (
				7AAE393D1827962C009BE7B3 /* PBXTargetDependency */,
			);
			name = OneFormTests;
			productName = OneFormTests;
			productReference = 7AAE39371827962C009BE7B3 /* OneFormTests.xctest */;
			productType = "com.apple.product-type.bundle.unit-test";
		};
/* End PBXNativeTarget section */

/* Begin PBXProject section */
		7AAE39141827962C009BE7B3 /* Project object */ = {
			isa = PBXProject;
			attributes = {
				CLASSPREFIX = OF;
				LastUpgradeCheck = 0500;
				ORGANIZATIONNAME = nyuad;
				TargetAttributes = {
					7AAE39361827962C009BE7B3 = {
						TestTargetID = 7AAE391B1827962C009BE7B3;
					};
				};
			};
			buildConfigurationList = 7AAE39171827962C009BE7B3 /* Build configuration list for PBXProject "OneForm" */;
			compatibilityVersion = "Xcode 3.2";
			developmentRegion = English;
			hasScannedForEncodings = 0;
			knownRegions = (
				en,
			);
			mainGroup = 7AAE39131827962C009BE7B3;
			productRefGroup = 7AAE391D1827962C009BE7B3 /* Products */;
			projectDirPath = "";
			projectRoot = "";
			targets = (
				7AAE391B1827962C009BE7B3 /* OneForm */,
				7AAE39361827962C009BE7B3 /* OneFormTests */,
			);
		};
/* End PBXProject section */

/* Begin PBXResourcesBuildPhase section */
		7AAE391A1827962C009BE7B3 /* Resources */ = {
			isa = PBXResourcesBuildPhase;
			buildActionMask = 2147483647;
			files = (
				7ABB21331839069C0089B3B6 /* Roboto-BoldItalic.ttf in Resources */,
				7ABB21381839069C0089B3B6 /* Roboto-LightItalic.ttf in Resources */,
				7ABB213D1839069C0089B3B6 /* Roboto-ThinItalic.ttf in Resources */,
				7ABB21391839069C0089B3B6 /* Roboto-Medium.ttf in Resources */,
				7ABB21371839069C0089B3B6 /* Roboto-Light.ttf in Resources */,
				7AAE392A1827962C009BE7B3 /* InfoPlist.strings in Resources */,
				7AAE39321827962C009BE7B3 /* Images.xcassets in Resources */,
				7ABB212F1839069C0089B3B6 /* Roboto-BlackItalic.ttf in Resources */,
				7ABB213C1839069C0089B3B6 /* Roboto-Thin.ttf in Resources */,
				7ABB21341839069C0089B3B6 /* Roboto-Condensed.ttf in Resources */,
				7ADB5D03182ACAB3009D2739 /* OFMenuMockup.xib in Resources */,
				7ABB21351839069C0089B3B6 /* Roboto-CondensedItalic.ttf in Resources */,
				7ADB5CFD182AC4BE009D2739 /* OFSearchFormsMockup.xib in Resources */,
				7ABB21301839069C0089B3B6 /* Roboto-Bold.ttf in Resources */,
				7ABB21311839069C0089B3B6 /* Roboto-BoldCondensed.ttf in Resources */,
				7ABB21361839069C0089B3B6 /* Roboto-Italic.ttf in Resources */,
				7ABB213B1839069C0089B3B6 /* Roboto-Regular.ttf in Resources */,
				7ABB21321839069C0089B3B6 /* Roboto-BoldCondensedItalic.ttf in Resources */,
				7ABB213A1839069C0089B3B6 /* Roboto-MediumItalic.ttf in Resources */,
				7ABB212E1839069C0089B3B6 /* Roboto-Black.ttf in Resources */,
			);
			runOnlyForDeploymentPostprocessing = 0;
		};
		7AAE39351827962C009BE7B3 /* Resources */ = {
			isa = PBXResourcesBuildPhase;
			buildActionMask = 2147483647;
			files = (
				7AAE39431827962C009BE7B3 /* InfoPlist.strings in Resources */,
			);
			runOnlyForDeploymentPostprocessing = 0;
		};
/* End PBXResourcesBuildPhase section */

/* Begin PBXSourcesBuildPhase section */
		7AAE39181827962C009BE7B3 /* Sources */ = {
			isa = PBXSourcesBuildPhase;
			buildActionMask = 2147483647;
			files = (
				7ABB2140183921A00089B3B6 /* OFBottomNotification.m in Sources */,
				7AA983B01834C5B400A9F375 /* OFTextField.m in Sources */,
				7AAE392C1827962C009BE7B3 /* main.m in Sources */,
				7ABB2146183A06620089B3B6 /* UIScrollView+TPKeyboardAvoidingAdditions.m in Sources */,
				7AAE39301827962C009BE7B3 /* OFAppDelegate.m in Sources */,
				7ADB5D01182ACA9F009D2739 /* OFMenuViewController.m in Sources */,
				7AAE396C1827CF3C009BE7B3 /* OFInternetUtility.m in Sources */,
				7ADB5CF7182A96AC009D2739 /* OFHelperMethods.m in Sources */,
				7ADB5CFA182AC41F009D2739 /* OFSearchFormsViewController.m in Sources */,
				7ABB211A1837E0D30089B3B6 /* SWRevealViewController.m in Sources */,
				7ABB2143183A05810089B3B6 /* TPKeyboardAvoidingScrollView.m in Sources */,
				7AAE39691827C6A3009BE7B3 /* Reachability.m in Sources */,
				7AAE39611827A04A009BE7B3 /* OFLoginViewController.m in Sources */,
			);
			runOnlyForDeploymentPostprocessing = 0;
		};
		7AAE39331827962C009BE7B3 /* Sources */ = {
			isa = PBXSourcesBuildPhase;
			buildActionMask = 2147483647;
			files = (
				7AAE39451827962C009BE7B3 /* OneFormTests.m in Sources */,
			);
			runOnlyForDeploymentPostprocessing = 0;
		};
/* End PBXSourcesBuildPhase section */

/* Begin PBXTargetDependency section */
		7AAE393D1827962C009BE7B3 /* PBXTargetDependency */ = {
			isa = PBXTargetDependency;
			target = 7AAE391B1827962C009BE7B3 /* OneForm */;
			targetProxy = 7AAE393C1827962C009BE7B3 /* PBXContainerItemProxy */;
		};
/* End PBXTargetDependency section */

/* Begin PBXVariantGroup section */
		7AAE39281827962C009BE7B3 /* InfoPlist.strings */ = {
			isa = PBXVariantGroup;
			children = (
				7AAE39291827962C009BE7B3 /* en */,
			);
			name = InfoPlist.strings;
			sourceTree = "<group>";
		};
		7AAE39411827962C009BE7B3 /* InfoPlist.strings */ = {
			isa = PBXVariantGroup;
			children = (
				7AAE39421827962C009BE7B3 /* en */,
			);
			name = InfoPlist.strings;
			sourceTree = "<group>";
		};
/* End PBXVariantGroup section */

/* Begin XCBuildConfiguration section */
		7AAE39461827962C009BE7B3 /* Debug */ = {
			isa = XCBuildConfiguration;
			buildSettings = {
				ALWAYS_SEARCH_USER_PATHS = NO;
				ARCHS = "$(ARCHS_STANDARD_INCLUDING_64_BIT)";
				CLANG_CXX_LANGUAGE_STANDARD = "gnu++0x";
				CLANG_CXX_LIBRARY = "libc++";
				CLANG_ENABLE_MODULES = YES;
				CLANG_ENABLE_OBJC_ARC = YES;
				CLANG_WARN_BOOL_CONVERSION = YES;
				CLANG_WARN_CONSTANT_CONVERSION = YES;
				CLANG_WARN_DIRECT_OBJC_ISA_USAGE = YES_ERROR;
				CLANG_WARN_EMPTY_BODY = YES;
				CLANG_WARN_ENUM_CONVERSION = YES;
				CLANG_WARN_INT_CONVERSION = YES;
				CLANG_WARN_OBJC_ROOT_CLASS = YES_ERROR;
				CLANG_WARN__DUPLICATE_METHOD_MATCH = YES;
				"CODE_SIGN_IDENTITY[sdk=iphoneos*]" = "iPhone Developer";
				COPY_PHASE_STRIP = NO;
				GCC_C_LANGUAGE_STANDARD = gnu99;
				GCC_DYNAMIC_NO_PIC = NO;
				GCC_OPTIMIZATION_LEVEL = 0;
				GCC_PREPROCESSOR_DEFINITIONS = (
					"DEBUG=1",
					"$(inherited)",
				);
				GCC_SYMBOLS_PRIVATE_EXTERN = NO;
				GCC_WARN_64_TO_32_BIT_CONVERSION = YES;
				GCC_WARN_ABOUT_RETURN_TYPE = YES_ERROR;
				GCC_WARN_UNDECLARED_SELECTOR = YES;
				GCC_WARN_UNINITIALIZED_AUTOS = YES;
				GCC_WARN_UNUSED_FUNCTION = YES;
				GCC_WARN_UNUSED_VARIABLE = YES;
				IPHONEOS_DEPLOYMENT_TARGET = 7.0;
				ONLY_ACTIVE_ARCH = YES;
				SDKROOT = iphoneos;
			};
			name = Debug;
		};
		7AAE39471827962C009BE7B3 /* Release */ = {
			isa = XCBuildConfiguration;
			buildSettings = {
				ALWAYS_SEARCH_USER_PATHS = NO;
				ARCHS = "$(ARCHS_STANDARD_INCLUDING_64_BIT)";
				CLANG_CXX_LANGUAGE_STANDARD = "gnu++0x";
				CLANG_CXX_LIBRARY = "libc++";
				CLANG_ENABLE_MODULES = YES;
				CLANG_ENABLE_OBJC_ARC = YES;
				CLANG_WARN_BOOL_CONVERSION = YES;
				CLANG_WARN_CONSTANT_CONVERSION = YES;
				CLANG_WARN_DIRECT_OBJC_ISA_USAGE = YES_ERROR;
				CLANG_WARN_EMPTY_BODY = YES;
				CLANG_WARN_ENUM_CONVERSION = YES;
				CLANG_WARN_INT_CONVERSION = YES;
				CLANG_WARN_OBJC_ROOT_CLASS = YES_ERROR;
				CLANG_WARN__DUPLICATE_METHOD_MATCH = YES;
				"CODE_SIGN_IDENTITY[sdk=iphoneos*]" = "iPhone Developer";
				COPY_PHASE_STRIP = YES;
				ENABLE_NS_ASSERTIONS = NO;
				GCC_C_LANGUAGE_STANDARD = gnu99;
				GCC_WARN_64_TO_32_BIT_CONVERSION = YES;
				GCC_WARN_ABOUT_RETURN_TYPE = YES_ERROR;
				GCC_WARN_UNDECLARED_SELECTOR = YES;
				GCC_WARN_UNINITIALIZED_AUTOS = YES;
				GCC_WARN_UNUSED_FUNCTION = YES;
				GCC_WARN_UNUSED_VARIABLE = YES;
				IPHONEOS_DEPLOYMENT_TARGET = 7.0;
				SDKROOT = iphoneos;
				VALIDATE_PRODUCT = YES;
			};
			name = Release;
		};
		7AAE39491827962C009BE7B3 /* Debug */ = {
			isa = XCBuildConfiguration;
			buildSettings = {
				ASSETCATALOG_COMPILER_APPICON_NAME = AppIcon;
				ASSETCATALOG_COMPILER_LAUNCHIMAGE_NAME = LaunchImage;
				GCC_PRECOMPILE_PREFIX_HEADER = YES;
				GCC_PREFIX_HEADER = "OneForm/OneForm-Prefix.pch";
				INFOPLIST_FILE = "OneForm/OneForm-Info.plist";
				PRODUCT_NAME = "$(TARGET_NAME)";
				WRAPPER_EXTENSION = app;
			};
			name = Debug;
		};
		7AAE394A1827962C009BE7B3 /* Release */ = {
			isa = XCBuildConfiguration;
			buildSettings = {
				ASSETCATALOG_COMPILER_APPICON_NAME = AppIcon;
				ASSETCATALOG_COMPILER_LAUNCHIMAGE_NAME = LaunchImage;
				GCC_PRECOMPILE_PREFIX_HEADER = YES;
				GCC_PREFIX_HEADER = "OneForm/OneForm-Prefix.pch";
				INFOPLIST_FILE = "OneForm/OneForm-Info.plist";
				PRODUCT_NAME = "$(TARGET_NAME)";
				WRAPPER_EXTENSION = app;
			};
			name = Release;
		};
		7AAE394C1827962C009BE7B3 /* Debug */ = {
			isa = XCBuildConfiguration;
			buildSettings = {
				ARCHS = "$(ARCHS_STANDARD_INCLUDING_64_BIT)";
				BUNDLE_LOADER = "$(BUILT_PRODUCTS_DIR)/OneForm.app/OneForm";
				FRAMEWORK_SEARCH_PATHS = (
					"$(SDKROOT)/Developer/Library/Frameworks",
					"$(inherited)",
					"$(DEVELOPER_FRAMEWORKS_DIR)",
				);
				GCC_PRECOMPILE_PREFIX_HEADER = YES;
				GCC_PREFIX_HEADER = "OneForm/OneForm-Prefix.pch";
				GCC_PREPROCESSOR_DEFINITIONS = (
					"DEBUG=1",
					"$(inherited)",
				);
				INFOPLIST_FILE = "OneFormTests/OneFormTests-Info.plist";
				PRODUCT_NAME = "$(TARGET_NAME)";
				TEST_HOST = "$(BUNDLE_LOADER)";
				WRAPPER_EXTENSION = xctest;
			};
			name = Debug;
		};
		7AAE394D1827962C009BE7B3 /* Release */ = {
			isa = XCBuildConfiguration;
			buildSettings = {
				ARCHS = "$(ARCHS_STANDARD_INCLUDING_64_BIT)";
				BUNDLE_LOADER = "$(BUILT_PRODUCTS_DIR)/OneForm.app/OneForm";
				FRAMEWORK_SEARCH_PATHS = (
					"$(SDKROOT)/Developer/Library/Frameworks",
					"$(inherited)",
					"$(DEVELOPER_FRAMEWORKS_DIR)",
				);
				GCC_PRECOMPILE_PREFIX_HEADER = YES;
				GCC_PREFIX_HEADER = "OneForm/OneForm-Prefix.pch";
				INFOPLIST_FILE = "OneFormTests/OneFormTests-Info.plist";
				PRODUCT_NAME = "$(TARGET_NAME)";
				TEST_HOST = "$(BUNDLE_LOADER)";
				WRAPPER_EXTENSION = xctest;
			};
			name = Release;
		};
/* End XCBuildConfiguration section */

/* Begin XCConfigurationList section */
		7AAE39171827962C009BE7B3 /* Build configuration list for PBXProject "OneForm" */ = {
			isa = XCConfigurationList;
			buildConfigurations = (
				7AAE39461827962C009BE7B3 /* Debug */,
				7AAE39471827962C009BE7B3 /* Release */,
			);
			defaultConfigurationIsVisible = 0;
			defaultConfigurationName = Release;
		};
		7AAE39481827962C009BE7B3 /* Build configuration list for PBXNativeTarget "OneForm" */ = {
			isa = XCConfigurationList;
			buildConfigurations = (
				7AAE39491827962C009BE7B3 /* Debug */,
				7AAE394A1827962C009BE7B3 /* Release */,
			);
			defaultConfigurationIsVisible = 0;
			defaultConfigurationName = Release;
		};
		7AAE394B1827962C009BE7B3 /* Build configuration list for PBXNativeTarget "OneFormTests" */ = {
			isa = XCConfigurationList;
			buildConfigurations = (
				7AAE394C1827962C009BE7B3 /* Debug */,
				7AAE394D1827962C009BE7B3 /* Release */,
			);
			defaultConfigurationIsVisible = 0;
			defaultConfigurationName = Release;
		};
/* End XCConfigurationList section */
	};
	rootObject = 7AAE39141827962C009BE7B3 /* Project object */;
}
